// !$*UTF8*$!
{
	archiveVersion = 1;
	classes = {
	};
	objectVersion = 46;
	objects = {

/* Begin PBXBuildFile section */
		2A025F591C337CBA00297022 /* main.m in Sources */ = {isa = PBXBuildFile; fileRef = 2A025F581C337CBA00297022 /* main.m */; };
		2A025F5C1C337CBA00297022 /* AppDelegate.m in Sources */ = {isa = PBXBuildFile; fileRef = 2A025F5B1C337CBA00297022 /* AppDelegate.m */; };
		2A025F621C337CBA00297022 /* Main.storyboard in Resources */ = {isa = PBXBuildFile; fileRef = 2A025F601C337CBA00297022 /* Main.storyboard */; };
		2A025F641C337CBA00297022 /* Assets.xcassets in Resources */ = {isa = PBXBuildFile; fileRef = 2A025F631C337CBA00297022 /* Assets.xcassets */; };
		2A025F671C337CBA00297022 /* LaunchScreen.storyboard in Resources */ = {isa = PBXBuildFile; fileRef = 2A025F651C337CBA00297022 /* LaunchScreen.storyboard */; };
		2A025F721C337CBA00297022 /* wisdomTownTests.m in Sources */ = {isa = PBXBuildFile; fileRef = 2A025F711C337CBA00297022 /* wisdomTownTests.m */; };
		2A025F7D1C337CBA00297022 /* wisdomTownUITests.m in Sources */ = {isa = PBXBuildFile; fileRef = 2A025F7C1C337CBA00297022 /* wisdomTownUITests.m */; };
		2A025F8D1C337DF500297022 /* YGRootViewController.m in Sources */ = {isa = PBXBuildFile; fileRef = 2A025F8B1C337DF500297022 /* YGRootViewController.m */; };
		2A025F8E1C337DF500297022 /* YGRootViewController.xib in Resources */ = {isa = PBXBuildFile; fileRef = 2A025F8C1C337DF500297022 /* YGRootViewController.xib */; };
		2A025FA71C33879900297022 /* YGApperance.m in Sources */ = {isa = PBXBuildFile; fileRef = 2A025FA61C33879900297022 /* YGApperance.m */; };
		2A0260611C33ABEA00297022 /* YGEasyScrollView.m in Sources */ = {isa = PBXBuildFile; fileRef = 2A0260601C33ABEA00297022 /* YGEasyScrollView.m */; };
		2A07CCE61C3CE8F300C2F2FE /* YGButton.m in Sources */ = {isa = PBXBuildFile; fileRef = 2A07CCE51C3CE8F300C2F2FE /* YGButton.m */; };
		2A2EF56A1C350F7D00EB66AE /* briefViewController.m in Sources */ = {isa = PBXBuildFile; fileRef = 2A2EF5681C350F7D00EB66AE /* briefViewController.m */; };
		2A2EF5701C35244E00EB66AE /* YGSpecialViewController.m in Sources */ = {isa = PBXBuildFile; fileRef = 2A2EF56E1C35244E00EB66AE /* YGSpecialViewController.m */; };
		2A2EF5711C35244E00EB66AE /* YGSpecialViewController.xib in Resources */ = {isa = PBXBuildFile; fileRef = 2A2EF56F1C35244E00EB66AE /* YGSpecialViewController.xib */; };
		2A4B9F461C3E0B67007CD91E /* YGEasyLifeViewController.m in Sources */ = {isa = PBXBuildFile; fileRef = 2A4B9F451C3E0B67007CD91E /* YGEasyLifeViewController.m */; };
		2A4B9F4C1C3E0C2E007CD91E /* YGLifeIcon.m in Sources */ = {isa = PBXBuildFile; fileRef = 2A4B9F4B1C3E0C2E007CD91E /* YGLifeIcon.m */; };
		2A4B9F4E1C3E5D98007CD91E /* 矩形 1.png in Resources */ = {isa = PBXBuildFile; fileRef = 2A4B9F4D1C3E5D98007CD91E /* 矩形 1.png */; };
		2A4B9F541C3E676E007CD91E /* weather.m in Sources */ = {isa = PBXBuildFile; fileRef = 2A4B9F531C3E676E007CD91E /* weather.m */; };
		2A4B9F6E1C3E68EB007CD91E /* 010@3x.png in Resources */ = {isa = PBXBuildFile; fileRef = 2A4B9F6B1C3E68EB007CD91E /* 010@3x.png */; };
		2A4B9F6F1C3E68EB007CD91E /* 1.jpg in Resources */ = {isa = PBXBuildFile; fileRef = 2A4B9F6C1C3E68EB007CD91E /* 1.jpg */; };
		2A4B9F701C3E68EB007CD91E /* 背景3.png in Resources */ = {isa = PBXBuildFile; fileRef = 2A4B9F6D1C3E68EB007CD91E /* 背景3.png */; };
		2A4E73F61C3BBF8C000B0195 /* 个人图标@3x.png in Resources */ = {isa = PBXBuildFile; fileRef = 2A4E73ED1C3BBF8C000B0195 /* 个人图标@3x.png */; };
		2A4E73F71C3BBF8C000B0195 /* 便民生活图标@3x.png in Resources */ = {isa = PBXBuildFile; fileRef = 2A4E73EE1C3BBF8C000B0195 /* 便民生活图标@3x.png */; };
		2A4E73F81C3BBF8C000B0195 /* 天气多云-图标@3x.png in Resources */ = {isa = PBXBuildFile; fileRef = 2A4E73EF1C3BBF8C000B0195 /* 天气多云-图标@3x.png */; };
		2A4E73F91C3BBF8C000B0195 /* 招商引资图标@3x.png in Resources */ = {isa = PBXBuildFile; fileRef = 2A4E73F01C3BBF8C000B0195 /* 招商引资图标@3x.png */; };
		2A4E73FA1C3BBF8C000B0195 /* 时事资讯图标@3x.png in Resources */ = {isa = PBXBuildFile; fileRef = 2A4E73F11C3BBF8C000B0195 /* 时事资讯图标@3x.png */; };
		2A4E73FB1C3BBF8C000B0195 /* 概述图标@3x.png in Resources */ = {isa = PBXBuildFile; fileRef = 2A4E73F21C3BBF8C000B0195 /* 概述图标@3x.png */; };
		2A4E73FC1C3BBF8C000B0195 /* 民心民意图标@3x.png in Resources */ = {isa = PBXBuildFile; fileRef = 2A4E73F31C3BBF8C000B0195 /* 民心民意图标@3x.png */; };
		2A4E73FD1C3BBF8C000B0195 /* 聚焦三农图标@3x.png in Resources */ = {isa = PBXBuildFile; fileRef = 2A4E73F41C3BBF8C000B0195 /* 聚焦三农图标@3x.png */; };
		2A4E73FE1C3BBF8C000B0195 /* 阳光政务图标@3x.png in Resources */ = {isa = PBXBuildFile; fileRef = 2A4E73F51C3BBF8C000B0195 /* 阳光政务图标@3x.png */; };
		2A4E74001C3BC65D000B0195 /* 01.jpg in Resources */ = {isa = PBXBuildFile; fileRef = 2A4E73FF1C3BC65D000B0195 /* 01.jpg */; };
		2A4E74021C3BC661000B0195 /* 00.jpg in Resources */ = {isa = PBXBuildFile; fileRef = 2A4E74011C3BC661000B0195 /* 00.jpg */; };
		2A4E74041C3BC665000B0195 /* 02.jpg in Resources */ = {isa = PBXBuildFile; fileRef = 2A4E74031C3BC665000B0195 /* 02.jpg */; };
		2A60A6A71C3F4A4200E8DD15 /* 3@3x.png in Resources */ = {isa = PBXBuildFile; fileRef = 2A60A6A61C3F4A4200E8DD15 /* 3@3x.png */; };
		2A60A6FA1C3F4E5E00E8DD15 /* 后退@3x.png in Resources */ = {isa = PBXBuildFile; fileRef = 2A60A6F91C3F4E5E00E8DD15 /* 后退@3x.png */; };
		2A6BABA71C40A19600C4FA7C /* YGBaseTableViewController.m in Sources */ = {isa = PBXBuildFile; fileRef = 2A6BABA61C40A19600C4FA7C /* YGBaseTableViewController.m */; };
		2A6BABAB1C40A98100C4FA7C /* YGFarmerViewController.m in Sources */ = {isa = PBXBuildFile; fileRef = 2A6BABAA1C40A98100C4FA7C /* YGFarmerViewController.m */; };
		2A6BABAF1C40B12B00C4FA7C /* YGGovernmentViewController.m in Sources */ = {isa = PBXBuildFile; fileRef = 2A6BABAE1C40B12B00C4FA7C /* YGGovernmentViewController.m */; };
		2A6BABB31C40DF2200C4FA7C /* YGGameViewController.m in Sources */ = {isa = PBXBuildFile; fileRef = 2A6BABB21C40DF2200C4FA7C /* YGGameViewController.m */; };
		2A6BABB71C40E5D300C4FA7C /* YGNovelViewController.m in Sources */ = {isa = PBXBuildFile; fileRef = 2A6BABB61C40E5D300C4FA7C /* YGNovelViewController.m */; };
		2A6BABBB1C40F84A00C4FA7C /* YGNewsViewController.m in Sources */ = {isa = PBXBuildFile; fileRef = 2A6BABBA1C40F84A00C4FA7C /* YGNewsViewController.m */; };
		2AF7D1591C3F8D9C00E74F4E /* 001.png in Resources */ = {isa = PBXBuildFile; fileRef = 2AF7D1411C3F8D9C00E74F4E /* 001.png */; };
		2AF7D15A1C3F8D9C00E74F4E /* 002.png in Resources */ = {isa = PBXBuildFile; fileRef = 2AF7D1421C3F8D9C00E74F4E /* 002.png */; };
		2AF7D15B1C3F8D9C00E74F4E /* 003.png in Resources */ = {isa = PBXBuildFile; fileRef = 2AF7D1431C3F8D9C00E74F4E /* 003.png */; };
		2AF7D15C1C3F8D9C00E74F4E /* 004.png in Resources */ = {isa = PBXBuildFile; fileRef = 2AF7D1441C3F8D9C00E74F4E /* 004.png */; };
		2AF7D15D1C3F8D9C00E74F4E /* 005.png in Resources */ = {isa = PBXBuildFile; fileRef = 2AF7D1451C3F8D9C00E74F4E /* 005.png */; };
		2AF7D15E1C3F8D9C00E74F4E /* 006.png in Resources */ = {isa = PBXBuildFile; fileRef = 2AF7D1461C3F8D9C00E74F4E /* 006.png */; };
		2AF7D15F1C3F8D9C00E74F4E /* 007.png in Resources */ = {isa = PBXBuildFile; fileRef = 2AF7D1471C3F8D9C00E74F4E /* 007.png */; };
		2AF7D1601C3F8D9C00E74F4E /* 008.png in Resources */ = {isa = PBXBuildFile; fileRef = 2AF7D1481C3F8D9C00E74F4E /* 008.png */; };
		2AF7D1611C3F8D9C00E74F4E /* 009.png in Resources */ = {isa = PBXBuildFile; fileRef = 2AF7D1491C3F8D9C00E74F4E /* 009.png */; };
		2AF7D1621C3F8D9C00E74F4E /* 010.png in Resources */ = {isa = PBXBuildFile; fileRef = 2AF7D14A1C3F8D9C00E74F4E /* 010.png */; };
		2AF7D1631C3F8D9C00E74F4E /* 011.png in Resources */ = {isa = PBXBuildFile; fileRef = 2AF7D14B1C3F8D9C00E74F4E /* 011.png */; };
		2AF7D1641C3F8D9C00E74F4E /* 012.png in Resources */ = {isa = PBXBuildFile; fileRef = 2AF7D14C1C3F8D9C00E74F4E /* 012.png */; };
		2AF7D1651C3F8D9C00E74F4E /* 013.png in Resources */ = {isa = PBXBuildFile; fileRef = 2AF7D14D1C3F8D9C00E74F4E /* 013.png */; };
		2AF7D1661C3F8D9C00E74F4E /* 014.png in Resources */ = {isa = PBXBuildFile; fileRef = 2AF7D14E1C3F8D9C00E74F4E /* 014.png */; };
		2AF7D1671C3F8D9C00E74F4E /* 015.png in Resources */ = {isa = PBXBuildFile; fileRef = 2AF7D14F1C3F8D9C00E74F4E /* 015.png */; };
		2AF7D1681C3F8D9C00E74F4E /* 016.png in Resources */ = {isa = PBXBuildFile; fileRef = 2AF7D1501C3F8D9C00E74F4E /* 016.png */; };
		2AF7D1691C3F8D9C00E74F4E /* 017.png in Resources */ = {isa = PBXBuildFile; fileRef = 2AF7D1511C3F8D9C00E74F4E /* 017.png */; };
		2AF7D16A1C3F8D9C00E74F4E /* 018.png in Resources */ = {isa = PBXBuildFile; fileRef = 2AF7D1521C3F8D9C00E74F4E /* 018.png */; };
		2AF7D16B1C3F8D9C00E74F4E /* 019.png in Resources */ = {isa = PBXBuildFile; fileRef = 2AF7D1531C3F8D9C00E74F4E /* 019.png */; };
		2AF7D16C1C3F8D9C00E74F4E /* 020.png in Resources */ = {isa = PBXBuildFile; fileRef = 2AF7D1541C3F8D9C00E74F4E /* 020.png */; };
		2AF7D16D1C3F8D9C00E74F4E /* 021.png in Resources */ = {isa = PBXBuildFile; fileRef = 2AF7D1551C3F8D9C00E74F4E /* 021.png */; };
		2AF7D16E1C3F8D9C00E74F4E /* 022.png in Resources */ = {isa = PBXBuildFile; fileRef = 2AF7D1561C3F8D9C00E74F4E /* 022.png */; };
		2AF7D16F1C3F8D9C00E74F4E /* 023.png in Resources */ = {isa = PBXBuildFile; fileRef = 2AF7D1571C3F8D9C00E74F4E /* 023.png */; };
		2AF7D1701C3F8D9C00E74F4E /* 024.png in Resources */ = {isa = PBXBuildFile; fileRef = 2AF7D1581C3F8D9C00E74F4E /* 024.png */; };
		2AF7D1731C3F910C00E74F4E /* weakView.m in Sources */ = {isa = PBXBuildFile; fileRef = 2AF7D1721C3F910C00E74F4E /* weakView.m */; };
		2AFCFAB71C435C0B00C5ECE6 /* MBProgressHUD.m in Sources */ = {isa = PBXBuildFile; fileRef = 2AFCFAB61C435C0B00C5ECE6 /* MBProgressHUD.m */; };
		2AFCFABB1C43814100C5ECE6 /* YGTrainViewController.m in Sources */ = {isa = PBXBuildFile; fileRef = 2AFCFABA1C43814100C5ECE6 /* YGTrainViewController.m */; };
		2AFCFABE1C439A7B00C5ECE6 /* YGweatherViewController.m in Sources */ = {isa = PBXBuildFile; fileRef = 2AFCFABD1C439A7B00C5ECE6 /* YGweatherViewController.m */; };
		2AFCFB151C439C4100C5ECE6 /* MKAnnotationView+WebCache.m in Sources */ = {isa = PBXBuildFile; fileRef = 2AFCFAF41C439C4100C5ECE6 /* MKAnnotationView+WebCache.m */; };
		2AFCFB161C439C4100C5ECE6 /* NSData+ImageContentType.m in Sources */ = {isa = PBXBuildFile; fileRef = 2AFCFAF61C439C4100C5ECE6 /* NSData+ImageContentType.m */; };
		2AFCFB171C439C4100C5ECE6 /* SDImageCache.m in Sources */ = {isa = PBXBuildFile; fileRef = 2AFCFAF81C439C4100C5ECE6 /* SDImageCache.m */; };
		2AFCFB181C439C4100C5ECE6 /* SDWebImageCompat.m in Sources */ = {isa = PBXBuildFile; fileRef = 2AFCFAFA1C439C4100C5ECE6 /* SDWebImageCompat.m */; };
		2AFCFB191C439C4100C5ECE6 /* SDWebImageDecoder.m in Sources */ = {isa = PBXBuildFile; fileRef = 2AFCFAFC1C439C4100C5ECE6 /* SDWebImageDecoder.m */; };
		2AFCFB1A1C439C4100C5ECE6 /* SDWebImageDownloader.m in Sources */ = {isa = PBXBuildFile; fileRef = 2AFCFAFE1C439C4100C5ECE6 /* SDWebImageDownloader.m */; };
		2AFCFB1B1C439C4100C5ECE6 /* SDWebImageDownloaderOperation.m in Sources */ = {isa = PBXBuildFile; fileRef = 2AFCFB001C439C4100C5ECE6 /* SDWebImageDownloaderOperation.m */; };
		2AFCFB1C1C439C4100C5ECE6 /* SDWebImageManager.m in Sources */ = {isa = PBXBuildFile; fileRef = 2AFCFB021C439C4100C5ECE6 /* SDWebImageManager.m */; };
		2AFCFB1D1C439C4100C5ECE6 /* SDWebImagePrefetcher.m in Sources */ = {isa = PBXBuildFile; fileRef = 2AFCFB051C439C4100C5ECE6 /* SDWebImagePrefetcher.m */; };
		2AFCFB1E1C439C4100C5ECE6 /* UIButton+WebCache.m in Sources */ = {isa = PBXBuildFile; fileRef = 2AFCFB071C439C4100C5ECE6 /* UIButton+WebCache.m */; };
		2AFCFB1F1C439C4100C5ECE6 /* UIImage+GIF.m in Sources */ = {isa = PBXBuildFile; fileRef = 2AFCFB091C439C4100C5ECE6 /* UIImage+GIF.m */; };
		2AFCFB201C439C4100C5ECE6 /* UIImage+MultiFormat.m in Sources */ = {isa = PBXBuildFile; fileRef = 2AFCFB0B1C439C4100C5ECE6 /* UIImage+MultiFormat.m */; };
		2AFCFB211C439C4100C5ECE6 /* UIImage+WebP.m in Sources */ = {isa = PBXBuildFile; fileRef = 2AFCFB0D1C439C4100C5ECE6 /* UIImage+WebP.m */; };
		2AFCFB221C439C4100C5ECE6 /* UIImageView+HighlightedWebCache.m in Sources */ = {isa = PBXBuildFile; fileRef = 2AFCFB0F1C439C4100C5ECE6 /* UIImageView+HighlightedWebCache.m */; };
		2AFCFB231C439C4100C5ECE6 /* UIImageView+WebCache.m in Sources */ = {isa = PBXBuildFile; fileRef = 2AFCFB111C439C4100C5ECE6 /* UIImageView+WebCache.m */; };
		2AFCFB241C439C4100C5ECE6 /* UIView+WebCacheOperation.m in Sources */ = {isa = PBXBuildFile; fileRef = 2AFCFB131C439C4100C5ECE6 /* UIView+WebCacheOperation.m */; };
		2AFCFB251C439C4100C5ECE6 /* 打死装萌的.gif in Resources */ = {isa = PBXBuildFile; fileRef = 2AFCFB141C439C4100C5ECE6 /* 打死装萌的.gif */; };
		2AFCFB4E1C43A15400C5ECE6 /* AFHTTPRequestOperation.m in Sources */ = {isa = PBXBuildFile; fileRef = 2AFCFB3C1C43A15400C5ECE6 /* AFHTTPRequestOperation.m */; };
		2AFCFB4F1C43A15400C5ECE6 /* AFHTTPRequestOperationManager.m in Sources */ = {isa = PBXBuildFile; fileRef = 2AFCFB3E1C43A15400C5ECE6 /* AFHTTPRequestOperationManager.m */; };
		2AFCFB501C43A15400C5ECE6 /* AFHTTPSessionManager.m in Sources */ = {isa = PBXBuildFile; fileRef = 2AFCFB401C43A15400C5ECE6 /* AFHTTPSessionManager.m */; };
		2AFCFB511C43A15400C5ECE6 /* AFNetworkReachabilityManager.m in Sources */ = {isa = PBXBuildFile; fileRef = 2AFCFB431C43A15400C5ECE6 /* AFNetworkReachabilityManager.m */; };
		2AFCFB521C43A15400C5ECE6 /* AFSecurityPolicy.m in Sources */ = {isa = PBXBuildFile; fileRef = 2AFCFB451C43A15400C5ECE6 /* AFSecurityPolicy.m */; };
		2AFCFB531C43A15400C5ECE6 /* AFURLConnectionOperation.m in Sources */ = {isa = PBXBuildFile; fileRef = 2AFCFB471C43A15400C5ECE6 /* AFURLConnectionOperation.m */; };
		2AFCFB541C43A15400C5ECE6 /* AFURLRequestSerialization.m in Sources */ = {isa = PBXBuildFile; fileRef = 2AFCFB491C43A15400C5ECE6 /* AFURLRequestSerialization.m */; };
		2AFCFB551C43A15400C5ECE6 /* AFURLResponseSerialization.m in Sources */ = {isa = PBXBuildFile; fileRef = 2AFCFB4B1C43A15400C5ECE6 /* AFURLResponseSerialization.m */; };
		2AFCFB561C43A15400C5ECE6 /* AFURLSessionManager.m in Sources */ = {isa = PBXBuildFile; fileRef = 2AFCFB4D1C43A15400C5ECE6 /* AFURLSessionManager.m */; };
		2AFCFB5A1C43A49300C5ECE6 /* YGWeaViewController.m in Sources */ = {isa = PBXBuildFile; fileRef = 2AFCFB581C43A49300C5ECE6 /* YGWeaViewController.m */; };
		2AFCFB5B1C43A49300C5ECE6 /* YGWeaViewController.xib in Resources */ = {isa = PBXBuildFile; fileRef = 2AFCFB591C43A49300C5ECE6 /* YGWeaViewController.xib */; };
		2AFCFB6A1C43A86000C5ECE6 /* 休闲@3x.png in Resources */ = {isa = PBXBuildFile; fileRef = 2AFCFB5E1C43A86000C5ECE6 /* 休闲@3x.png */; };
		2AFCFB6B1C43A86000C5ECE6 /* 住宿@3x.png in Resources */ = {isa = PBXBuildFile; fileRef = 2AFCFB5F1C43A86000C5ECE6 /* 住宿@3x.png */; };
		2AFCFB6C1C43A86000C5ECE6 /* 办事@3x.png in Resources */ = {isa = PBXBuildFile; fileRef = 2AFCFB601C43A86000C5ECE6 /* 办事@3x.png */; };
		2AFCFB6D1C43A86000C5ECE6 /* 医疗@3x.png in Resources */ = {isa = PBXBuildFile; fileRef = 2AFCFB611C43A86000C5ECE6 /* 医疗@3x.png */; };
		2AFCFB6E1C43A86000C5ECE6 /* 天气@3x.png in Resources */ = {isa = PBXBuildFile; fileRef = 2AFCFB621C43A86000C5ECE6 /* 天气@3x.png */; };
		2AFCFB6F1C43A86000C5ECE6 /* 小说@3x.png in Resources */ = {isa = PBXBuildFile; fileRef = 2AFCFB631C43A86000C5ECE6 /* 小说@3x.png */; };
		2AFCFB701C43A86000C5ECE6 /* 机构@3x.png in Resources */ = {isa = PBXBuildFile; fileRef = 2AFCFB641C43A86000C5ECE6 /* 机构@3x.png */; };
		2AFCFB711C43A86000C5ECE6 /* 水费@3x.png in Resources */ = {isa = PBXBuildFile; fileRef = 2AFCFB651C43A86000C5ECE6 /* 水费@3x.png */; };
		2AFCFB721C43A86000C5ECE6 /* 游戏@3x.png in Resources */ = {isa = PBXBuildFile; fileRef = 2AFCFB661C43A86000C5ECE6 /* 游戏@3x.png */; };
		2AFCFB731C43A86000C5ECE6 /* 火车@3x.png in Resources */ = {isa = PBXBuildFile; fileRef = 2AFCFB671C43A86000C5ECE6 /* 火车@3x.png */; };
		2AFCFB741C43A86000C5ECE6 /* 电费@3x.png in Resources */ = {isa = PBXBuildFile; fileRef = 2AFCFB681C43A86000C5ECE6 /* 电费@3x.png */; };
		2AFCFB751C43A86000C5ECE6 /* 美食@3x.png in Resources */ = {isa = PBXBuildFile; fileRef = 2AFCFB691C43A86000C5ECE6 /* 美食@3x.png */; };
/* End PBXBuildFile section */

/* Begin PBXContainerItemProxy section */
		2A025F6E1C337CBA00297022 /* PBXContainerItemProxy */ = {
			isa = PBXContainerItemProxy;
			containerPortal = 2A025F4C1C337CBA00297022 /* Project object */;
			proxyType = 1;
			remoteGlobalIDString = 2A025F531C337CBA00297022;
			remoteInfo = wisdomTown;
		};
		2A025F791C337CBA00297022 /* PBXContainerItemProxy */ = {
			isa = PBXContainerItemProxy;
			containerPortal = 2A025F4C1C337CBA00297022 /* Project object */;
			proxyType = 1;
			remoteGlobalIDString = 2A025F531C337CBA00297022;
			remoteInfo = wisdomTown;
		};
/* End PBXContainerItemProxy section */

/* Begin PBXFileReference section */
		2A025F541C337CBA00297022 /* wisdomTown.app */ = {isa = PBXFileReference; explicitFileType = wrapper.application; includeInIndex = 0; path = wisdomTown.app; sourceTree = BUILT_PRODUCTS_DIR; };
		2A025F581C337CBA00297022 /* main.m */ = {isa = PBXFileReference; lastKnownFileType = sourcecode.c.objc; path = main.m; sourceTree = "<group>"; };
		2A025F5A1C337CBA00297022 /* AppDelegate.h */ = {isa = PBXFileReference; lastKnownFileType = sourcecode.c.h; path = AppDelegate.h; sourceTree = "<group>"; };
		2A025F5B1C337CBA00297022 /* AppDelegate.m */ = {isa = PBXFileReference; lastKnownFileType = sourcecode.c.objc; path = AppDelegate.m; sourceTree = "<group>"; };
		2A025F611C337CBA00297022 /* Base */ = {isa = PBXFileReference; lastKnownFileType = file.storyboard; name = Base; path = Base.lproj/Main.storyboard; sourceTree = "<group>"; };
		2A025F631C337CBA00297022 /* Assets.xcassets */ = {isa = PBXFileReference; lastKnownFileType = folder.assetcatalog; path = Assets.xcassets; sourceTree = "<group>"; };
		2A025F661C337CBA00297022 /* Base */ = {isa = PBXFileReference; lastKnownFileType = file.storyboard; name = Base; path = Base.lproj/LaunchScreen.storyboard; sourceTree = "<group>"; };
		2A025F681C337CBA00297022 /* Info.plist */ = {isa = PBXFileReference; lastKnownFileType = text.plist.xml; path = Info.plist; sourceTree = "<group>"; };
		2A025F6D1C337CBA00297022 /* wisdomTownTests.xctest */ = {isa = PBXFileReference; explicitFileType = wrapper.cfbundle; includeInIndex = 0; path = wisdomTownTests.xctest; sourceTree = BUILT_PRODUCTS_DIR; };
		2A025F711C337CBA00297022 /* wisdomTownTests.m */ = {isa = PBXFileReference; lastKnownFileType = sourcecode.c.objc; path = wisdomTownTests.m; sourceTree = "<group>"; };
		2A025F731C337CBA00297022 /* Info.plist */ = {isa = PBXFileReference; lastKnownFileType = text.plist.xml; path = Info.plist; sourceTree = "<group>"; };
		2A025F781C337CBA00297022 /* wisdomTownUITests.xctest */ = {isa = PBXFileReference; explicitFileType = wrapper.cfbundle; includeInIndex = 0; path = wisdomTownUITests.xctest; sourceTree = BUILT_PRODUCTS_DIR; };
		2A025F7C1C337CBA00297022 /* wisdomTownUITests.m */ = {isa = PBXFileReference; lastKnownFileType = sourcecode.c.objc; path = wisdomTownUITests.m; sourceTree = "<group>"; };
		2A025F7E1C337CBA00297022 /* Info.plist */ = {isa = PBXFileReference; lastKnownFileType = text.plist.xml; path = Info.plist; sourceTree = "<group>"; };
		2A025F8A1C337DF500297022 /* YGRootViewController.h */ = {isa = PBXFileReference; fileEncoding = 4; lastKnownFileType = sourcecode.c.h; name = YGRootViewController.h; path = wisdomTown/YGRootViewController.h; sourceTree = "<group>"; };
		2A025F8B1C337DF500297022 /* YGRootViewController.m */ = {isa = PBXFileReference; fileEncoding = 4; lastKnownFileType = sourcecode.c.objc; name = YGRootViewController.m; path = wisdomTown/YGRootViewController.m; sourceTree = "<group>"; };
		2A025F8C1C337DF500297022 /* YGRootViewController.xib */ = {isa = PBXFileReference; fileEncoding = 4; lastKnownFileType = file.xib; name = YGRootViewController.xib; path = wisdomTown/YGRootViewController.xib; sourceTree = "<group>"; };
		2A025FA51C33879900297022 /* YGApperance.h */ = {isa = PBXFileReference; fileEncoding = 4; lastKnownFileType = sourcecode.c.h; path = YGApperance.h; sourceTree = "<group>"; };
		2A025FA61C33879900297022 /* YGApperance.m */ = {isa = PBXFileReference; fileEncoding = 4; lastKnownFileType = sourcecode.c.objc; path = YGApperance.m; sourceTree = "<group>"; };
		2A02605F1C33ABEA00297022 /* YGEasyScrollView.h */ = {isa = PBXFileReference; fileEncoding = 4; lastKnownFileType = sourcecode.c.h; path = YGEasyScrollView.h; sourceTree = "<group>"; };
		2A0260601C33ABEA00297022 /* YGEasyScrollView.m */ = {isa = PBXFileReference; fileEncoding = 4; lastKnownFileType = sourcecode.c.objc; path = YGEasyScrollView.m; sourceTree = "<group>"; };
		2A02607D1C33C34700297022 /* YGConstant.h */ = {isa = PBXFileReference; lastKnownFileType = sourcecode.c.h; path = YGConstant.h; sourceTree = "<group>"; };
		2A02607F1C33CC7B00297022 /* PrefixHeader.pch */ = {isa = PBXFileReference; fileEncoding = 4; lastKnownFileType = sourcecode.c.h; path = PrefixHeader.pch; sourceTree = "<group>"; };
		2A07CCE41C3CE8F300C2F2FE /* YGButton.h */ = {isa = PBXFileReference; fileEncoding = 4; lastKnownFileType = sourcecode.c.h; path = YGButton.h; sourceTree = "<group>"; };
		2A07CCE51C3CE8F300C2F2FE /* YGButton.m */ = {isa = PBXFileReference; fileEncoding = 4; lastKnownFileType = sourcecode.c.objc; path = YGButton.m; sourceTree = "<group>"; };
		2A2EF5671C350F7D00EB66AE /* briefViewController.h */ = {isa = PBXFileReference; fileEncoding = 4; lastKnownFileType = sourcecode.c.h; path = briefViewController.h; sourceTree = "<group>"; };
		2A2EF5681C350F7D00EB66AE /* briefViewController.m */ = {isa = PBXFileReference; fileEncoding = 4; lastKnownFileType = sourcecode.c.objc; path = briefViewController.m; sourceTree = "<group>"; };
		2A2EF56D1C35244E00EB66AE /* YGSpecialViewController.h */ = {isa = PBXFileReference; fileEncoding = 4; lastKnownFileType = sourcecode.c.h; path = YGSpecialViewController.h; sourceTree = "<group>"; };
		2A2EF56E1C35244E00EB66AE /* YGSpecialViewController.m */ = {isa = PBXFileReference; fileEncoding = 4; lastKnownFileType = sourcecode.c.objc; path = YGSpecialViewController.m; sourceTree = "<group>"; };
		2A2EF56F1C35244E00EB66AE /* YGSpecialViewController.xib */ = {isa = PBXFileReference; fileEncoding = 4; lastKnownFileType = file.xib; path = YGSpecialViewController.xib; sourceTree = "<group>"; };
		2A4B9F441C3E0B67007CD91E /* YGEasyLifeViewController.h */ = {isa = PBXFileReference; fileEncoding = 4; lastKnownFileType = sourcecode.c.h; path = YGEasyLifeViewController.h; sourceTree = "<group>"; };
		2A4B9F451C3E0B67007CD91E /* YGEasyLifeViewController.m */ = {isa = PBXFileReference; fileEncoding = 4; lastKnownFileType = sourcecode.c.objc; path = YGEasyLifeViewController.m; sourceTree = "<group>"; };
		2A4B9F4A1C3E0C2E007CD91E /* YGLifeIcon.h */ = {isa = PBXFileReference; fileEncoding = 4; lastKnownFileType = sourcecode.c.h; name = YGLifeIcon.h; path = ../../YGLifeIcon.h; sourceTree = "<group>"; };
		2A4B9F4B1C3E0C2E007CD91E /* YGLifeIcon.m */ = {isa = PBXFileReference; fileEncoding = 4; lastKnownFileType = sourcecode.c.objc; name = YGLifeIcon.m; path = ../../YGLifeIcon.m; sourceTree = "<group>"; };
		2A4B9F4D1C3E5D98007CD91E /* 矩形 1.png */ = {isa = PBXFileReference; lastKnownFileType = image.png; path = "矩形 1.png"; sourceTree = "<group>"; };
		2A4B9F521C3E675E007CD91E /* weather.h */ = {isa = PBXFileReference; fileEncoding = 4; lastKnownFileType = sourcecode.c.h; path = weather.h; sourceTree = "<group>"; };
		2A4B9F531C3E676E007CD91E /* weather.m */ = {isa = PBXFileReference; fileEncoding = 4; lastKnownFileType = sourcecode.c.objc; path = weather.m; sourceTree = "<group>"; };
		2A4B9F6B1C3E68EB007CD91E /* 010@3x.png */ = {isa = PBXFileReference; lastKnownFileType = image.png; path = "010@3x.png"; sourceTree = "<group>"; };
		2A4B9F6C1C3E68EB007CD91E /* 1.jpg */ = {isa = PBXFileReference; lastKnownFileType = image.jpeg; path = 1.jpg; sourceTree = "<group>"; };
		2A4B9F6D1C3E68EB007CD91E /* 背景3.png */ = {isa = PBXFileReference; lastKnownFileType = image.png; path = "背景3.png"; sourceTree = "<group>"; };
		2A4E73ED1C3BBF8C000B0195 /* 个人图标@3x.png */ = {isa = PBXFileReference; lastKnownFileType = image.png; path = "个人图标@3x.png"; sourceTree = "<group>"; };
		2A4E73EE1C3BBF8C000B0195 /* 便民生活图标@3x.png */ = {isa = PBXFileReference; lastKnownFileType = image.png; path = "便民生活图标@3x.png"; sourceTree = "<group>"; };
		2A4E73EF1C3BBF8C000B0195 /* 天气多云-图标@3x.png */ = {isa = PBXFileReference; lastKnownFileType = image.png; path = "天气多云-图标@3x.png"; sourceTree = "<group>"; };
		2A4E73F01C3BBF8C000B0195 /* 招商引资图标@3x.png */ = {isa = PBXFileReference; lastKnownFileType = image.png; path = "招商引资图标@3x.png"; sourceTree = "<group>"; };
		2A4E73F11C3BBF8C000B0195 /* 时事资讯图标@3x.png */ = {isa = PBXFileReference; lastKnownFileType = image.png; path = "时事资讯图标@3x.png"; sourceTree = "<group>"; };
		2A4E73F21C3BBF8C000B0195 /* 概述图标@3x.png */ = {isa = PBXFileReference; lastKnownFileType = image.png; path = "概述图标@3x.png"; sourceTree = "<group>"; };
		2A4E73F31C3BBF8C000B0195 /* 民心民意图标@3x.png */ = {isa = PBXFileReference; lastKnownFileType = image.png; path = "民心民意图标@3x.png"; sourceTree = "<group>"; };
		2A4E73F41C3BBF8C000B0195 /* 聚焦三农图标@3x.png */ = {isa = PBXFileReference; lastKnownFileType = image.png; path = "聚焦三农图标@3x.png"; sourceTree = "<group>"; };
		2A4E73F51C3BBF8C000B0195 /* 阳光政务图标@3x.png */ = {isa = PBXFileReference; lastKnownFileType = image.png; path = "阳光政务图标@3x.png"; sourceTree = "<group>"; };
		2A4E73FF1C3BC65D000B0195 /* 01.jpg */ = {isa = PBXFileReference; lastKnownFileType = image.jpeg; path = 01.jpg; sourceTree = "<group>"; };
		2A4E74011C3BC661000B0195 /* 00.jpg */ = {isa = PBXFileReference; lastKnownFileType = image.jpeg; path = 00.jpg; sourceTree = "<group>"; };
		2A4E74031C3BC665000B0195 /* 02.jpg */ = {isa = PBXFileReference; lastKnownFileType = image.jpeg; path = 02.jpg; sourceTree = "<group>"; };
		2A60A6A61C3F4A4200E8DD15 /* 3@3x.png */ = {isa = PBXFileReference; lastKnownFileType = image.png; path = "3@3x.png"; sourceTree = "<group>"; };
		2A60A6F91C3F4E5E00E8DD15 /* 后退@3x.png */ = {isa = PBXFileReference; lastKnownFileType = image.png; path = "后退@3x.png"; sourceTree = "<group>"; };
		2A6BABA51C40A19600C4FA7C /* YGBaseTableViewController.h */ = {isa = PBXFileReference; fileEncoding = 4; lastKnownFileType = sourcecode.c.h; path = YGBaseTableViewController.h; sourceTree = "<group>"; };
		2A6BABA61C40A19600C4FA7C /* YGBaseTableViewController.m */ = {isa = PBXFileReference; fileEncoding = 4; lastKnownFileType = sourcecode.c.objc; path = YGBaseTableViewController.m; sourceTree = "<group>"; };
		2A6BABA91C40A98100C4FA7C /* YGFarmerViewController.h */ = {isa = PBXFileReference; fileEncoding = 4; lastKnownFileType = sourcecode.c.h; path = YGFarmerViewController.h; sourceTree = "<group>"; };
		2A6BABAA1C40A98100C4FA7C /* YGFarmerViewController.m */ = {isa = PBXFileReference; fileEncoding = 4; lastKnownFileType = sourcecode.c.objc; path = YGFarmerViewController.m; sourceTree = "<group>"; };
		2A6BABAD1C40B12B00C4FA7C /* YGGovernmentViewController.h */ = {isa = PBXFileReference; fileEncoding = 4; lastKnownFileType = sourcecode.c.h; path = YGGovernmentViewController.h; sourceTree = "<group>"; };
		2A6BABAE1C40B12B00C4FA7C /* YGGovernmentViewController.m */ = {isa = PBXFileReference; fileEncoding = 4; lastKnownFileType = sourcecode.c.objc; path = YGGovernmentViewController.m; sourceTree = "<group>"; };
		2A6BABB11C40DF2200C4FA7C /* YGGameViewController.h */ = {isa = PBXFileReference; fileEncoding = 4; lastKnownFileType = sourcecode.c.h; path = YGGameViewController.h; sourceTree = "<group>"; };
		2A6BABB21C40DF2200C4FA7C /* YGGameViewController.m */ = {isa = PBXFileReference; fileEncoding = 4; lastKnownFileType = sourcecode.c.objc; path = YGGameViewController.m; sourceTree = "<group>"; };
		2A6BABB51C40E5D300C4FA7C /* YGNovelViewController.h */ = {isa = PBXFileReference; fileEncoding = 4; lastKnownFileType = sourcecode.c.h; path = YGNovelViewController.h; sourceTree = "<group>"; };
		2A6BABB61C40E5D300C4FA7C /* YGNovelViewController.m */ = {isa = PBXFileReference; fileEncoding = 4; lastKnownFileType = sourcecode.c.objc; path = YGNovelViewController.m; sourceTree = "<group>"; };
		2A6BABB91C40F84A00C4FA7C /* YGNewsViewController.h */ = {isa = PBXFileReference; fileEncoding = 4; lastKnownFileType = sourcecode.c.h; path = YGNewsViewController.h; sourceTree = "<group>"; };
		2A6BABBA1C40F84A00C4FA7C /* YGNewsViewController.m */ = {isa = PBXFileReference; fileEncoding = 4; lastKnownFileType = sourcecode.c.objc; path = YGNewsViewController.m; sourceTree = "<group>"; };
		2AF7D1411C3F8D9C00E74F4E /* 001.png */ = {isa = PBXFileReference; lastKnownFileType = image.png; path = 001.png; sourceTree = "<group>"; };
		2AF7D1421C3F8D9C00E74F4E /* 002.png */ = {isa = PBXFileReference; lastKnownFileType = image.png; path = 002.png; sourceTree = "<group>"; };
		2AF7D1431C3F8D9C00E74F4E /* 003.png */ = {isa = PBXFileReference; lastKnownFileType = image.png; path = 003.png; sourceTree = "<group>"; };
		2AF7D1441C3F8D9C00E74F4E /* 004.png */ = {isa = PBXFileReference; lastKnownFileType = image.png; path = 004.png; sourceTree = "<group>"; };
		2AF7D1451C3F8D9C00E74F4E /* 005.png */ = {isa = PBXFileReference; lastKnownFileType = image.png; path = 005.png; sourceTree = "<group>"; };
		2AF7D1461C3F8D9C00E74F4E /* 006.png */ = {isa = PBXFileReference; lastKnownFileType = image.png; path = 006.png; sourceTree = "<group>"; };
		2AF7D1471C3F8D9C00E74F4E /* 007.png */ = {isa = PBXFileReference; lastKnownFileType = image.png; path = 007.png; sourceTree = "<group>"; };
		2AF7D1481C3F8D9C00E74F4E /* 008.png */ = {isa = PBXFileReference; lastKnownFileType = image.png; path = 008.png; sourceTree = "<group>"; };
		2AF7D1491C3F8D9C00E74F4E /* 009.png */ = {isa = PBXFileReference; lastKnownFileType = image.png; path = 009.png; sourceTree = "<group>"; };
		2AF7D14A1C3F8D9C00E74F4E /* 010.png */ = {isa = PBXFileReference; lastKnownFileType = image.png; path = 010.png; sourceTree = "<group>"; };
		2AF7D14B1C3F8D9C00E74F4E /* 011.png */ = {isa = PBXFileReference; lastKnownFileType = image.png; path = 011.png; sourceTree = "<group>"; };
		2AF7D14C1C3F8D9C00E74F4E /* 012.png */ = {isa = PBXFileReference; lastKnownFileType = image.png; path = 012.png; sourceTree = "<group>"; };
		2AF7D14D1C3F8D9C00E74F4E /* 013.png */ = {isa = PBXFileReference; lastKnownFileType = image.png; path = 013.png; sourceTree = "<group>"; };
		2AF7D14E1C3F8D9C00E74F4E /* 014.png */ = {isa = PBXFileReference; lastKnownFileType = image.png; path = 014.png; sourceTree = "<group>"; };
		2AF7D14F1C3F8D9C00E74F4E /* 015.png */ = {isa = PBXFileReference; lastKnownFileType = image.png; path = 015.png; sourceTree = "<group>"; };
		2AF7D1501C3F8D9C00E74F4E /* 016.png */ = {isa = PBXFileReference; lastKnownFileType = image.png; path = 016.png; sourceTree = "<group>"; };
		2AF7D1511C3F8D9C00E74F4E /* 017.png */ = {isa = PBXFileReference; lastKnownFileType = image.png; path = 017.png; sourceTree = "<group>"; };
		2AF7D1521C3F8D9C00E74F4E /* 018.png */ = {isa = PBXFileReference; lastKnownFileType = image.png; path = 018.png; sourceTree = "<group>"; };
		2AF7D1531C3F8D9C00E74F4E /* 019.png */ = {isa = PBXFileReference; lastKnownFileType = image.png; path = 019.png; sourceTree = "<group>"; };
		2AF7D1541C3F8D9C00E74F4E /* 020.png */ = {isa = PBXFileReference; lastKnownFileType = image.png; path = 020.png; sourceTree = "<group>"; };
		2AF7D1551C3F8D9C00E74F4E /* 021.png */ = {isa = PBXFileReference; lastKnownFileType = image.png; path = 021.png; sourceTree = "<group>"; };
		2AF7D1561C3F8D9C00E74F4E /* 022.png */ = {isa = PBXFileReference; lastKnownFileType = image.png; path = 022.png; sourceTree = "<group>"; };
		2AF7D1571C3F8D9C00E74F4E /* 023.png */ = {isa = PBXFileReference; lastKnownFileType = image.png; path = 023.png; sourceTree = "<group>"; };
		2AF7D1581C3F8D9C00E74F4E /* 024.png */ = {isa = PBXFileReference; lastKnownFileType = image.png; path = 024.png; sourceTree = "<group>"; };
		2AF7D1711C3F910C00E74F4E /* weakView.h */ = {isa = PBXFileReference; fileEncoding = 4; lastKnownFileType = sourcecode.c.h; path = weakView.h; sourceTree = "<group>"; };
		2AF7D1721C3F910C00E74F4E /* weakView.m */ = {isa = PBXFileReference; fileEncoding = 4; lastKnownFileType = sourcecode.c.objc; path = weakView.m; sourceTree = "<group>"; };
		2AFCFAB51C435C0B00C5ECE6 /* MBProgressHUD.h */ = {isa = PBXFileReference; fileEncoding = 4; lastKnownFileType = sourcecode.c.h; path = MBProgressHUD.h; sourceTree = "<group>"; };
		2AFCFAB61C435C0B00C5ECE6 /* MBProgressHUD.m */ = {isa = PBXFileReference; fileEncoding = 4; lastKnownFileType = sourcecode.c.objc; path = MBProgressHUD.m; sourceTree = "<group>"; };
		2AFCFAB91C43814100C5ECE6 /* YGTrainViewController.h */ = {isa = PBXFileReference; fileEncoding = 4; lastKnownFileType = sourcecode.c.h; path = YGTrainViewController.h; sourceTree = "<group>"; };
		2AFCFABA1C43814100C5ECE6 /* YGTrainViewController.m */ = {isa = PBXFileReference; fileEncoding = 4; lastKnownFileType = sourcecode.c.objc; path = YGTrainViewController.m; sourceTree = "<group>"; };
		2AFCFABC1C439A7B00C5ECE6 /* YGweatherViewController.h */ = {isa = PBXFileReference; fileEncoding = 4; lastKnownFileType = sourcecode.c.h; path = YGweatherViewController.h; sourceTree = "<group>"; };
		2AFCFABD1C439A7B00C5ECE6 /* YGweatherViewController.m */ = {isa = PBXFileReference; fileEncoding = 4; lastKnownFileType = sourcecode.c.objc; path = YGweatherViewController.m; sourceTree = "<group>"; };
		2AFCFAF31C439C4100C5ECE6 /* MKAnnotationView+WebCache.h */ = {isa = PBXFileReference; fileEncoding = 4; lastKnownFileType = sourcecode.c.h; path = "MKAnnotationView+WebCache.h"; sourceTree = "<group>"; };
		2AFCFAF41C439C4100C5ECE6 /* MKAnnotationView+WebCache.m */ = {isa = PBXFileReference; fileEncoding = 4; lastKnownFileType = sourcecode.c.objc; path = "MKAnnotationView+WebCache.m"; sourceTree = "<group>"; };
		2AFCFAF51C439C4100C5ECE6 /* NSData+ImageContentType.h */ = {isa = PBXFileReference; fileEncoding = 4; lastKnownFileType = sourcecode.c.h; path = "NSData+ImageContentType.h"; sourceTree = "<group>"; };
		2AFCFAF61C439C4100C5ECE6 /* NSData+ImageContentType.m */ = {isa = PBXFileReference; fileEncoding = 4; lastKnownFileType = sourcecode.c.objc; path = "NSData+ImageContentType.m"; sourceTree = "<group>"; };
		2AFCFAF71C439C4100C5ECE6 /* SDImageCache.h */ = {isa = PBXFileReference; fileEncoding = 4; lastKnownFileType = sourcecode.c.h; path = SDImageCache.h; sourceTree = "<group>"; };
		2AFCFAF81C439C4100C5ECE6 /* SDImageCache.m */ = {isa = PBXFileReference; fileEncoding = 4; lastKnownFileType = sourcecode.c.objc; path = SDImageCache.m; sourceTree = "<group>"; };
		2AFCFAF91C439C4100C5ECE6 /* SDWebImageCompat.h */ = {isa = PBXFileReference; fileEncoding = 4; lastKnownFileType = sourcecode.c.h; path = SDWebImageCompat.h; sourceTree = "<group>"; };
		2AFCFAFA1C439C4100C5ECE6 /* SDWebImageCompat.m */ = {isa = PBXFileReference; fileEncoding = 4; lastKnownFileType = sourcecode.c.objc; path = SDWebImageCompat.m; sourceTree = "<group>"; };
		2AFCFAFB1C439C4100C5ECE6 /* SDWebImageDecoder.h */ = {isa = PBXFileReference; fileEncoding = 4; lastKnownFileType = sourcecode.c.h; path = SDWebImageDecoder.h; sourceTree = "<group>"; };
		2AFCFAFC1C439C4100C5ECE6 /* SDWebImageDecoder.m */ = {isa = PBXFileReference; fileEncoding = 4; lastKnownFileType = sourcecode.c.objc; path = SDWebImageDecoder.m; sourceTree = "<group>"; };
		2AFCFAFD1C439C4100C5ECE6 /* SDWebImageDownloader.h */ = {isa = PBXFileReference; fileEncoding = 4; lastKnownFileType = sourcecode.c.h; path = SDWebImageDownloader.h; sourceTree = "<group>"; };
		2AFCFAFE1C439C4100C5ECE6 /* SDWebImageDownloader.m */ = {isa = PBXFileReference; fileEncoding = 4; lastKnownFileType = sourcecode.c.objc; path = SDWebImageDownloader.m; sourceTree = "<group>"; };
		2AFCFAFF1C439C4100C5ECE6 /* SDWebImageDownloaderOperation.h */ = {isa = PBXFileReference; fileEncoding = 4; lastKnownFileType = sourcecode.c.h; path = SDWebImageDownloaderOperation.h; sourceTree = "<group>"; };
		2AFCFB001C439C4100C5ECE6 /* SDWebImageDownloaderOperation.m */ = {isa = PBXFileReference; fileEncoding = 4; lastKnownFileType = sourcecode.c.objc; path = SDWebImageDownloaderOperation.m; sourceTree = "<group>"; };
		2AFCFB011C439C4100C5ECE6 /* SDWebImageManager.h */ = {isa = PBXFileReference; fileEncoding = 4; lastKnownFileType = sourcecode.c.h; path = SDWebImageManager.h; sourceTree = "<group>"; };
		2AFCFB021C439C4100C5ECE6 /* SDWebImageManager.m */ = {isa = PBXFileReference; fileEncoding = 4; lastKnownFileType = sourcecode.c.objc; path = SDWebImageManager.m; sourceTree = "<group>"; };
		2AFCFB031C439C4100C5ECE6 /* SDWebImageOperation.h */ = {isa = PBXFileReference; fileEncoding = 4; lastKnownFileType = sourcecode.c.h; path = SDWebImageOperation.h; sourceTree = "<group>"; };
		2AFCFB041C439C4100C5ECE6 /* SDWebImagePrefetcher.h */ = {isa = PBXFileReference; fileEncoding = 4; lastKnownFileType = sourcecode.c.h; path = SDWebImagePrefetcher.h; sourceTree = "<group>"; };
		2AFCFB051C439C4100C5ECE6 /* SDWebImagePrefetcher.m */ = {isa = PBXFileReference; fileEncoding = 4; lastKnownFileType = sourcecode.c.objc; path = SDWebImagePrefetcher.m; sourceTree = "<group>"; };
		2AFCFB061C439C4100C5ECE6 /* UIButton+WebCache.h */ = {isa = PBXFileReference; fileEncoding = 4; lastKnownFileType = sourcecode.c.h; path = "UIButton+WebCache.h"; sourceTree = "<group>"; };
		2AFCFB071C439C4100C5ECE6 /* UIButton+WebCache.m */ = {isa = PBXFileReference; fileEncoding = 4; lastKnownFileType = sourcecode.c.objc; path = "UIButton+WebCache.m"; sourceTree = "<group>"; };
		2AFCFB081C439C4100C5ECE6 /* UIImage+GIF.h */ = {isa = PBXFileReference; fileEncoding = 4; lastKnownFileType = sourcecode.c.h; path = "UIImage+GIF.h"; sourceTree = "<group>"; };
		2AFCFB091C439C4100C5ECE6 /* UIImage+GIF.m */ = {isa = PBXFileReference; fileEncoding = 4; lastKnownFileType = sourcecode.c.objc; path = "UIImage+GIF.m"; sourceTree = "<group>"; };
		2AFCFB0A1C439C4100C5ECE6 /* UIImage+MultiFormat.h */ = {isa = PBXFileReference; fileEncoding = 4; lastKnownFileType = sourcecode.c.h; path = "UIImage+MultiFormat.h"; sourceTree = "<group>"; };
		2AFCFB0B1C439C4100C5ECE6 /* UIImage+MultiFormat.m */ = {isa = PBXFileReference; fileEncoding = 4; lastKnownFileType = sourcecode.c.objc; path = "UIImage+MultiFormat.m"; sourceTree = "<group>"; };
		2AFCFB0C1C439C4100C5ECE6 /* UIImage+WebP.h */ = {isa = PBXFileReference; fileEncoding = 4; lastKnownFileType = sourcecode.c.h; path = "UIImage+WebP.h"; sourceTree = "<group>"; };
		2AFCFB0D1C439C4100C5ECE6 /* UIImage+WebP.m */ = {isa = PBXFileReference; fileEncoding = 4; lastKnownFileType = sourcecode.c.objc; path = "UIImage+WebP.m"; sourceTree = "<group>"; };
		2AFCFB0E1C439C4100C5ECE6 /* UIImageView+HighlightedWebCache.h */ = {isa = PBXFileReference; fileEncoding = 4; lastKnownFileType = sourcecode.c.h; path = "UIImageView+HighlightedWebCache.h"; sourceTree = "<group>"; };
		2AFCFB0F1C439C4100C5ECE6 /* UIImageView+HighlightedWebCache.m */ = {isa = PBXFileReference; fileEncoding = 4; lastKnownFileType = sourcecode.c.objc; path = "UIImageView+HighlightedWebCache.m"; sourceTree = "<group>"; };
		2AFCFB101C439C4100C5ECE6 /* UIImageView+WebCache.h */ = {isa = PBXFileReference; fileEncoding = 4; lastKnownFileType = sourcecode.c.h; path = "UIImageView+WebCache.h"; sourceTree = "<group>"; };
		2AFCFB111C439C4100C5ECE6 /* UIImageView+WebCache.m */ = {isa = PBXFileReference; fileEncoding = 4; lastKnownFileType = sourcecode.c.objc; path = "UIImageView+WebCache.m"; sourceTree = "<group>"; };
		2AFCFB121C439C4100C5ECE6 /* UIView+WebCacheOperation.h */ = {isa = PBXFileReference; fileEncoding = 4; lastKnownFileType = sourcecode.c.h; path = "UIView+WebCacheOperation.h"; sourceTree = "<group>"; };
		2AFCFB131C439C4100C5ECE6 /* UIView+WebCacheOperation.m */ = {isa = PBXFileReference; fileEncoding = 4; lastKnownFileType = sourcecode.c.objc; path = "UIView+WebCacheOperation.m"; sourceTree = "<group>"; };
		2AFCFB141C439C4100C5ECE6 /* 打死装萌的.gif */ = {isa = PBXFileReference; lastKnownFileType = image.gif; path = "打死装萌的.gif"; sourceTree = "<group>"; };
		2AFCFB3B1C43A15400C5ECE6 /* AFHTTPRequestOperation.h */ = {isa = PBXFileReference; fileEncoding = 4; lastKnownFileType = sourcecode.c.h; path = AFHTTPRequestOperation.h; sourceTree = "<group>"; };
		2AFCFB3C1C43A15400C5ECE6 /* AFHTTPRequestOperation.m */ = {isa = PBXFileReference; fileEncoding = 4; lastKnownFileType = sourcecode.c.objc; path = AFHTTPRequestOperation.m; sourceTree = "<group>"; };
		2AFCFB3D1C43A15400C5ECE6 /* AFHTTPRequestOperationManager.h */ = {isa = PBXFileReference; fileEncoding = 4; lastKnownFileType = sourcecode.c.h; path = AFHTTPRequestOperationManager.h; sourceTree = "<group>"; };
		2AFCFB3E1C43A15400C5ECE6 /* AFHTTPRequestOperationManager.m */ = {isa = PBXFileReference; fileEncoding = 4; lastKnownFileType = sourcecode.c.objc; path = AFHTTPRequestOperationManager.m; sourceTree = "<group>"; };
		2AFCFB3F1C43A15400C5ECE6 /* AFHTTPSessionManager.h */ = {isa = PBXFileReference; fileEncoding = 4; lastKnownFileType = sourcecode.c.h; path = AFHTTPSessionManager.h; sourceTree = "<group>"; };
		2AFCFB401C43A15400C5ECE6 /* AFHTTPSessionManager.m */ = {isa = PBXFileReference; fileEncoding = 4; lastKnownFileType = sourcecode.c.objc; path = AFHTTPSessionManager.m; sourceTree = "<group>"; };
		2AFCFB411C43A15400C5ECE6 /* AFNetworking.h */ = {isa = PBXFileReference; fileEncoding = 4; lastKnownFileType = sourcecode.c.h; path = AFNetworking.h; sourceTree = "<group>"; };
		2AFCFB421C43A15400C5ECE6 /* AFNetworkReachabilityManager.h */ = {isa = PBXFileReference; fileEncoding = 4; lastKnownFileType = sourcecode.c.h; path = AFNetworkReachabilityManager.h; sourceTree = "<group>"; };
		2AFCFB431C43A15400C5ECE6 /* AFNetworkReachabilityManager.m */ = {isa = PBXFileReference; fileEncoding = 4; lastKnownFileType = sourcecode.c.objc; path = AFNetworkReachabilityManager.m; sourceTree = "<group>"; };
		2AFCFB441C43A15400C5ECE6 /* AFSecurityPolicy.h */ = {isa = PBXFileReference; fileEncoding = 4; lastKnownFileType = sourcecode.c.h; path = AFSecurityPolicy.h; sourceTree = "<group>"; };
		2AFCFB451C43A15400C5ECE6 /* AFSecurityPolicy.m */ = {isa = PBXFileReference; fileEncoding = 4; lastKnownFileType = sourcecode.c.objc; path = AFSecurityPolicy.m; sourceTree = "<group>"; };
		2AFCFB461C43A15400C5ECE6 /* AFURLConnectionOperation.h */ = {isa = PBXFileReference; fileEncoding = 4; lastKnownFileType = sourcecode.c.h; path = AFURLConnectionOperation.h; sourceTree = "<group>"; };
		2AFCFB471C43A15400C5ECE6 /* AFURLConnectionOperation.m */ = {isa = PBXFileReference; fileEncoding = 4; lastKnownFileType = sourcecode.c.objc; path = AFURLConnectionOperation.m; sourceTree = "<group>"; };
		2AFCFB481C43A15400C5ECE6 /* AFURLRequestSerialization.h */ = {isa = PBXFileReference; fileEncoding = 4; lastKnownFileType = sourcecode.c.h; path = AFURLRequestSerialization.h; sourceTree = "<group>"; };
		2AFCFB491C43A15400C5ECE6 /* AFURLRequestSerialization.m */ = {isa = PBXFileReference; fileEncoding = 4; lastKnownFileType = sourcecode.c.objc; path = AFURLRequestSerialization.m; sourceTree = "<group>"; };
		2AFCFB4A1C43A15400C5ECE6 /* AFURLResponseSerialization.h */ = {isa = PBXFileReference; fileEncoding = 4; lastKnownFileType = sourcecode.c.h; path = AFURLResponseSerialization.h; sourceTree = "<group>"; };
		2AFCFB4B1C43A15400C5ECE6 /* AFURLResponseSerialization.m */ = {isa = PBXFileReference; fileEncoding = 4; lastKnownFileType = sourcecode.c.objc; path = AFURLResponseSerialization.m; sourceTree = "<group>"; };
		2AFCFB4C1C43A15400C5ECE6 /* AFURLSessionManager.h */ = {isa = PBXFileReference; fileEncoding = 4; lastKnownFileType = sourcecode.c.h; path = AFURLSessionManager.h; sourceTree = "<group>"; };
		2AFCFB4D1C43A15400C5ECE6 /* AFURLSessionManager.m */ = {isa = PBXFileReference; fileEncoding = 4; lastKnownFileType = sourcecode.c.objc; path = AFURLSessionManager.m; sourceTree = "<group>"; };
		2AFCFB571C43A49300C5ECE6 /* YGWeaViewController.h */ = {isa = PBXFileReference; fileEncoding = 4; lastKnownFileType = sourcecode.c.h; path = YGWeaViewController.h; sourceTree = "<group>"; };
		2AFCFB581C43A49300C5ECE6 /* YGWeaViewController.m */ = {isa = PBXFileReference; fileEncoding = 4; lastKnownFileType = sourcecode.c.objc; path = YGWeaViewController.m; sourceTree = "<group>"; };
		2AFCFB591C43A49300C5ECE6 /* YGWeaViewController.xib */ = {isa = PBXFileReference; fileEncoding = 4; lastKnownFileType = file.xib; path = YGWeaViewController.xib; sourceTree = "<group>"; };
		2AFCFB5E1C43A86000C5ECE6 /* 休闲@3x.png */ = {isa = PBXFileReference; lastKnownFileType = image.png; path = "休闲@3x.png"; sourceTree = "<group>"; };
		2AFCFB5F1C43A86000C5ECE6 /* 住宿@3x.png */ = {isa = PBXFileReference; lastKnownFileType = image.png; path = "住宿@3x.png"; sourceTree = "<group>"; };
		2AFCFB601C43A86000C5ECE6 /* 办事@3x.png */ = {isa = PBXFileReference; lastKnownFileType = image.png; path = "办事@3x.png"; sourceTree = "<group>"; };
		2AFCFB611C43A86000C5ECE6 /* 医疗@3x.png */ = {isa = PBXFileReference; lastKnownFileType = image.png; path = "医疗@3x.png"; sourceTree = "<group>"; };
		2AFCFB621C43A86000C5ECE6 /* 天气@3x.png */ = {isa = PBXFileReference; lastKnownFileType = image.png; path = "天气@3x.png"; sourceTree = "<group>"; };
		2AFCFB631C43A86000C5ECE6 /* 小说@3x.png */ = {isa = PBXFileReference; lastKnownFileType = image.png; path = "小说@3x.png"; sourceTree = "<group>"; };
		2AFCFB641C43A86000C5ECE6 /* 机构@3x.png */ = {isa = PBXFileReference; lastKnownFileType = image.png; path = "机构@3x.png"; sourceTree = "<group>"; };
		2AFCFB651C43A86000C5ECE6 /* 水费@3x.png */ = {isa = PBXFileReference; lastKnownFileType = image.png; path = "水费@3x.png"; sourceTree = "<group>"; };
		2AFCFB661C43A86000C5ECE6 /* 游戏@3x.png */ = {isa = PBXFileReference; lastKnownFileType = image.png; path = "游戏@3x.png"; sourceTree = "<group>"; };
		2AFCFB671C43A86000C5ECE6 /* 火车@3x.png */ = {isa = PBXFileReference; lastKnownFileType = image.png; path = "火车@3x.png"; sourceTree = "<group>"; };
		2AFCFB681C43A86000C5ECE6 /* 电费@3x.png */ = {isa = PBXFileReference; lastKnownFileType = image.png; path = "电费@3x.png"; sourceTree = "<group>"; };
		2AFCFB691C43A86000C5ECE6 /* 美食@3x.png */ = {isa = PBXFileReference; lastKnownFileType = image.png; path = "美食@3x.png"; sourceTree = "<group>"; };
/* End PBXFileReference section */

/* Begin PBXFrameworksBuildPhase section */
		2A025F511C337CBA00297022 /* Frameworks */ = {
			isa = PBXFrameworksBuildPhase;
			buildActionMask = 2147483647;
			files = (
			);
			runOnlyForDeploymentPostprocessing = 0;
		};
		2A025F6A1C337CBA00297022 /* Frameworks */ = {
			isa = PBXFrameworksBuildPhase;
			buildActionMask = 2147483647;
			files = (
			);
			runOnlyForDeploymentPostprocessing = 0;
		};
		2A025F751C337CBA00297022 /* Frameworks */ = {
			isa = PBXFrameworksBuildPhase;
			buildActionMask = 2147483647;
			files = (
			);
			runOnlyForDeploymentPostprocessing = 0;
		};
/* End PBXFrameworksBuildPhase section */

/* Begin PBXGroup section */
		2A025F4B1C337CBA00297022 = {
			isa = PBXGroup;
			children = (
				2AFCFB5C1C43A85300C5ECE6 /* images */,
				2A4B9F551C3E678D007CD91E /* 第三方库 */,
				2A025F561C337CBA00297022 /* wisdomTown */,
				2A025F701C337CBA00297022 /* wisdomTownTests */,
				2A025F7B1C337CBA00297022 /* wisdomTownUITests */,
				2A025F551C337CBA00297022 /* Products */,
			);
			sourceTree = "<group>";
		};
		2A025F551C337CBA00297022 /* Products */ = {
			isa = PBXGroup;
			children = (
				2A025F541C337CBA00297022 /* wisdomTown.app */,
				2A025F6D1C337CBA00297022 /* wisdomTownTests.xctest */,
				2A025F781C337CBA00297022 /* wisdomTownUITests.xctest */,
			);
			name = Products;
			sourceTree = "<group>";
		};
		2A025F561C337CBA00297022 /* wisdomTown */ = {
			isa = PBXGroup;
			children = (
				2A4B9F431C3E0AC4007CD91E /* 二级界面 */,
				2A025F5A1C337CBA00297022 /* AppDelegate.h */,
				2A025F5B1C337CBA00297022 /* AppDelegate.m */,
				2A025FA41C33874800297022 /* Base */,
				2A02605E1C33AB4700297022 /* 首页 */,
				2A025F601C337CBA00297022 /* Main.storyboard */,
				2A025F631C337CBA00297022 /* Assets.xcassets */,
				2A025F651C337CBA00297022 /* LaunchScreen.storyboard */,
				2A025F681C337CBA00297022 /* Info.plist */,
				2A025F571C337CBA00297022 /* Supporting Files */,
			);
			path = wisdomTown;
			sourceTree = "<group>";
		};
		2A025F571C337CBA00297022 /* Supporting Files */ = {
			isa = PBXGroup;
			children = (
				2A025F581C337CBA00297022 /* main.m */,
				2A02607F1C33CC7B00297022 /* PrefixHeader.pch */,
			);
			name = "Supporting Files";
			sourceTree = "<group>";
		};
		2A025F701C337CBA00297022 /* wisdomTownTests */ = {
			isa = PBXGroup;
			children = (
				2A025F711C337CBA00297022 /* wisdomTownTests.m */,
				2A025F731C337CBA00297022 /* Info.plist */,
			);
			path = wisdomTownTests;
			sourceTree = "<group>";
		};
		2A025F7B1C337CBA00297022 /* wisdomTownUITests */ = {
			isa = PBXGroup;
			children = (
				2A025F7C1C337CBA00297022 /* wisdomTownUITests.m */,
				2A025F7E1C337CBA00297022 /* Info.plist */,
			);
			path = wisdomTownUITests;
			sourceTree = "<group>";
		};
		2A025FA41C33874800297022 /* Base */ = {
			isa = PBXGroup;
			children = (
				2A025FA51C33879900297022 /* YGApperance.h */,
				2A025FA61C33879900297022 /* YGApperance.m */,
				2A02607D1C33C34700297022 /* YGConstant.h */,
				2A07CCE41C3CE8F300C2F2FE /* YGButton.h */,
				2A07CCE51C3CE8F300C2F2FE /* YGButton.m */,
				2A4B9F4A1C3E0C2E007CD91E /* YGLifeIcon.h */,
				2A4B9F4B1C3E0C2E007CD91E /* YGLifeIcon.m */,
				2AF7D1711C3F910C00E74F4E /* weakView.h */,
				2AF7D1721C3F910C00E74F4E /* weakView.m */,
				2A6BABA51C40A19600C4FA7C /* YGBaseTableViewController.h */,
				2A6BABA61C40A19600C4FA7C /* YGBaseTableViewController.m */,
			);
			path = Base;
			sourceTree = "<group>";
		};
		2A02605E1C33AB4700297022 /* 首页 */ = {
			isa = PBXGroup;
			children = (
				2A02605F1C33ABEA00297022 /* YGEasyScrollView.h */,
				2A0260601C33ABEA00297022 /* YGEasyScrollView.m */,
				2A025F8A1C337DF500297022 /* YGRootViewController.h */,
				2A025F8B1C337DF500297022 /* YGRootViewController.m */,
				2A025F8C1C337DF500297022 /* YGRootViewController.xib */,
			);
			name = "首页";
			path = ..;
			sourceTree = "<group>";
		};
		2A2EF5661C350BCF00EB66AE /* 乡镇概述 */ = {
			isa = PBXGroup;
			children = (
				2A2EF5671C350F7D00EB66AE /* briefViewController.h */,
				2A2EF5681C350F7D00EB66AE /* briefViewController.m */,
			);
			name = "乡镇概述";
			path = Base;
			sourceTree = "<group>";
		};
		2A2EF56C1C35241200EB66AE /* 人文特色 */ = {
			isa = PBXGroup;
			children = (
				2A2EF56D1C35244E00EB66AE /* YGSpecialViewController.h */,
				2A2EF56E1C35244E00EB66AE /* YGSpecialViewController.m */,
				2A2EF56F1C35244E00EB66AE /* YGSpecialViewController.xib */,
			);
			name = "人文特色";
			path = Base;
			sourceTree = "<group>";
		};
		2A4B9F421C3E0A9F007CD91E /* 便民生活 */ = {
			isa = PBXGroup;
			children = (
				2AFCFAB81C43811900C5ECE6 /* 火车查询 */,
				2A4B9F441C3E0B67007CD91E /* YGEasyLifeViewController.h */,
				2A4B9F451C3E0B67007CD91E /* YGEasyLifeViewController.m */,
				2A6BABB41C40E5A400C4FA7C /* 小说 */,
				2A6BABB01C40DEF000C4FA7C /* 游戏 */,
			);
			name = "便民生活";
			sourceTree = "<group>";
		};
		2A4B9F431C3E0AC4007CD91E /* 二级界面 */ = {
			isa = PBXGroup;
			children = (
				2A6BABB81C40F80E00C4FA7C /* 时事资讯 */,
				2A6BABAC1C40B0DA00C4FA7C /* 阳光政务 */,
				2A6BABA81C40A93000C4FA7C /* 聚焦三农 */,
				2A4E73E61C3BA300000B0195 /* 天气 */,
				2A2EF5661C350BCF00EB66AE /* 乡镇概述 */,
				2A2EF56C1C35241200EB66AE /* 人文特色 */,
				2A4B9F421C3E0A9F007CD91E /* 便民生活 */,
			);
			name = "二级界面";
			sourceTree = "<group>";
		};
		2A4B9F551C3E678D007CD91E /* 第三方库 */ = {
			isa = PBXGroup;
			children = (
				2AFCFB3A1C43A15400C5ECE6 /* AFNetworking */,
				2AFCFAF11C439C4100C5ECE6 /* SDWebImage */,
				2AFCFAB41C435C0B00C5ECE6 /* MBProgressView */,
			);
			name = "第三方库";
			sourceTree = "<group>";
		};
		2A4B9F6A1C3E68EB007CD91E /* 天气图标 */ = {
			isa = PBXGroup;
			children = (
				2AF7D1401C3F8D9C00E74F4E /* mipmap-xxhdpi */,
				2A4B9F6B1C3E68EB007CD91E /* 010@3x.png */,
				2A4B9F6C1C3E68EB007CD91E /* 1.jpg */,
				2A4B9F6D1C3E68EB007CD91E /* 背景3.png */,
				2A60A6A61C3F4A4200E8DD15 /* 3@3x.png */,
				2A60A6F91C3F4E5E00E8DD15 /* 后退@3x.png */,
			);
			name = "天气图标";
			path = "wisdomTown/image/天气图标";
			sourceTree = "<group>";
		};
		2A4E73E61C3BA300000B0195 /* 天气 */ = {
			isa = PBXGroup;
			children = (
				2AFCFB571C43A49300C5ECE6 /* YGWeaViewController.h */,
				2AFCFB581C43A49300C5ECE6 /* YGWeaViewController.m */,
				2AFCFB591C43A49300C5ECE6 /* YGWeaViewController.xib */,
				2AFCFABC1C439A7B00C5ECE6 /* YGweatherViewController.h */,
				2AFCFABD1C439A7B00C5ECE6 /* YGweatherViewController.m */,
				2A4B9F521C3E675E007CD91E /* weather.h */,
				2A4B9F531C3E676E007CD91E /* weather.m */,
			);
			name = "天气";
			path = Base;
			sourceTree = "<group>";
		};
		2A4E73EC1C3BBF8C000B0195 /* 首页图标 */ = {
			isa = PBXGroup;
			children = (
				2A4B9F4D1C3E5D98007CD91E /* 矩形 1.png */,
				2A4E74011C3BC661000B0195 /* 00.jpg */,
				2A4E73FF1C3BC65D000B0195 /* 01.jpg */,
				2A4E74031C3BC665000B0195 /* 02.jpg */,
				2A4E73ED1C3BBF8C000B0195 /* 个人图标@3x.png */,
				2A4E73EE1C3BBF8C000B0195 /* 便民生活图标@3x.png */,
				2A4E73EF1C3BBF8C000B0195 /* 天气多云-图标@3x.png */,
				2A4E73F01C3BBF8C000B0195 /* 招商引资图标@3x.png */,
				2A4E73F11C3BBF8C000B0195 /* 时事资讯图标@3x.png */,
				2A4E73F21C3BBF8C000B0195 /* 概述图标@3x.png */,
				2A4E73F31C3BBF8C000B0195 /* 民心民意图标@3x.png */,
				2A4E73F41C3BBF8C000B0195 /* 聚焦三农图标@3x.png */,
				2A4E73F51C3BBF8C000B0195 /* 阳光政务图标@3x.png */,
			);
			name = "首页图标";
			path = "wisdomTown/首页图标";
			sourceTree = "<group>";
		};
		2A6BABA81C40A93000C4FA7C /* 聚焦三农 */ = {
			isa = PBXGroup;
			children = (
				2A6BABA91C40A98100C4FA7C /* YGFarmerViewController.h */,
				2A6BABAA1C40A98100C4FA7C /* YGFarmerViewController.m */,
			);
			name = "聚焦三农";
			sourceTree = "<group>";
		};
		2A6BABAC1C40B0DA00C4FA7C /* 阳光政务 */ = {
			isa = PBXGroup;
			children = (
				2A6BABAD1C40B12B00C4FA7C /* YGGovernmentViewController.h */,
				2A6BABAE1C40B12B00C4FA7C /* YGGovernmentViewController.m */,
			);
			name = "阳光政务";
			sourceTree = "<group>";
		};
		2A6BABB01C40DEF000C4FA7C /* 游戏 */ = {
			isa = PBXGroup;
			children = (
				2A6BABB11C40DF2200C4FA7C /* YGGameViewController.h */,
				2A6BABB21C40DF2200C4FA7C /* YGGameViewController.m */,
			);
			name = "游戏";
			sourceTree = "<group>";
		};
		2A6BABB41C40E5A400C4FA7C /* 小说 */ = {
			isa = PBXGroup;
			children = (
				2A6BABB51C40E5D300C4FA7C /* YGNovelViewController.h */,
				2A6BABB61C40E5D300C4FA7C /* YGNovelViewController.m */,
			);
			name = "小说";
			sourceTree = "<group>";
		};
		2A6BABB81C40F80E00C4FA7C /* 时事资讯 */ = {
			isa = PBXGroup;
			children = (
				2A6BABB91C40F84A00C4FA7C /* YGNewsViewController.h */,
				2A6BABBA1C40F84A00C4FA7C /* YGNewsViewController.m */,
			);
			name = "时事资讯";
			sourceTree = "<group>";
		};
		2AF7D1401C3F8D9C00E74F4E /* mipmap-xxhdpi */ = {
			isa = PBXGroup;
			children = (
				2AF7D1411C3F8D9C00E74F4E /* 001.png */,
				2AF7D1421C3F8D9C00E74F4E /* 002.png */,
				2AF7D1431C3F8D9C00E74F4E /* 003.png */,
				2AF7D1441C3F8D9C00E74F4E /* 004.png */,
				2AF7D1451C3F8D9C00E74F4E /* 005.png */,
				2AF7D1461C3F8D9C00E74F4E /* 006.png */,
				2AF7D1471C3F8D9C00E74F4E /* 007.png */,
				2AF7D1481C3F8D9C00E74F4E /* 008.png */,
				2AF7D1491C3F8D9C00E74F4E /* 009.png */,
				2AF7D14A1C3F8D9C00E74F4E /* 010.png */,
				2AF7D14B1C3F8D9C00E74F4E /* 011.png */,
				2AF7D14C1C3F8D9C00E74F4E /* 012.png */,
				2AF7D14D1C3F8D9C00E74F4E /* 013.png */,
				2AF7D14E1C3F8D9C00E74F4E /* 014.png */,
				2AF7D14F1C3F8D9C00E74F4E /* 015.png */,
				2AF7D1501C3F8D9C00E74F4E /* 016.png */,
				2AF7D1511C3F8D9C00E74F4E /* 017.png */,
				2AF7D1521C3F8D9C00E74F4E /* 018.png */,
				2AF7D1531C3F8D9C00E74F4E /* 019.png */,
				2AF7D1541C3F8D9C00E74F4E /* 020.png */,
				2AF7D1551C3F8D9C00E74F4E /* 021.png */,
				2AF7D1561C3F8D9C00E74F4E /* 022.png */,
				2AF7D1571C3F8D9C00E74F4E /* 023.png */,
				2AF7D1581C3F8D9C00E74F4E /* 024.png */,
			);
			path = "mipmap-xxhdpi";
			sourceTree = "<group>";
		};
		2AFCFAB41C435C0B00C5ECE6 /* MBProgressView */ = {
			isa = PBXGroup;
			children = (
				2AFCFAB51C435C0B00C5ECE6 /* MBProgressHUD.h */,
				2AFCFAB61C435C0B00C5ECE6 /* MBProgressHUD.m */,
			);
			path = MBProgressView;
			sourceTree = "<group>";
		};
		2AFCFAB81C43811900C5ECE6 /* 火车查询 */ = {
			isa = PBXGroup;
			children = (
				2AFCFAB91C43814100C5ECE6 /* YGTrainViewController.h */,
				2AFCFABA1C43814100C5ECE6 /* YGTrainViewController.m */,
			);
			name = "火车查询";
			sourceTree = "<group>";
		};
		2AFCFAF11C439C4100C5ECE6 /* SDWebImage */ = {
			isa = PBXGroup;
			children = (
				2AFCFAF21C439C4100C5ECE6 /* AFNetworking副本 */,
				2AFCFAF31C439C4100C5ECE6 /* MKAnnotationView+WebCache.h */,
				2AFCFAF41C439C4100C5ECE6 /* MKAnnotationView+WebCache.m */,
				2AFCFAF51C439C4100C5ECE6 /* NSData+ImageContentType.h */,
				2AFCFAF61C439C4100C5ECE6 /* NSData+ImageContentType.m */,
				2AFCFAF71C439C4100C5ECE6 /* SDImageCache.h */,
				2AFCFAF81C439C4100C5ECE6 /* SDImageCache.m */,
				2AFCFAF91C439C4100C5ECE6 /* SDWebImageCompat.h */,
				2AFCFAFA1C439C4100C5ECE6 /* SDWebImageCompat.m */,
				2AFCFAFB1C439C4100C5ECE6 /* SDWebImageDecoder.h */,
				2AFCFAFC1C439C4100C5ECE6 /* SDWebImageDecoder.m */,
				2AFCFAFD1C439C4100C5ECE6 /* SDWebImageDownloader.h */,
				2AFCFAFE1C439C4100C5ECE6 /* SDWebImageDownloader.m */,
				2AFCFAFF1C439C4100C5ECE6 /* SDWebImageDownloaderOperation.h */,
				2AFCFB001C439C4100C5ECE6 /* SDWebImageDownloaderOperation.m */,
				2AFCFB011C439C4100C5ECE6 /* SDWebImageManager.h */,
				2AFCFB021C439C4100C5ECE6 /* SDWebImageManager.m */,
				2AFCFB031C439C4100C5ECE6 /* SDWebImageOperation.h */,
				2AFCFB041C439C4100C5ECE6 /* SDWebImagePrefetcher.h */,
				2AFCFB051C439C4100C5ECE6 /* SDWebImagePrefetcher.m */,
				2AFCFB061C439C4100C5ECE6 /* UIButton+WebCache.h */,
				2AFCFB071C439C4100C5ECE6 /* UIButton+WebCache.m */,
				2AFCFB081C439C4100C5ECE6 /* UIImage+GIF.h */,
				2AFCFB091C439C4100C5ECE6 /* UIImage+GIF.m */,
				2AFCFB0A1C439C4100C5ECE6 /* UIImage+MultiFormat.h */,
				2AFCFB0B1C439C4100C5ECE6 /* UIImage+MultiFormat.m */,
				2AFCFB0C1C439C4100C5ECE6 /* UIImage+WebP.h */,
				2AFCFB0D1C439C4100C5ECE6 /* UIImage+WebP.m */,
				2AFCFB0E1C439C4100C5ECE6 /* UIImageView+HighlightedWebCache.h */,
				2AFCFB0F1C439C4100C5ECE6 /* UIImageView+HighlightedWebCache.m */,
				2AFCFB101C439C4100C5ECE6 /* UIImageView+WebCache.h */,
				2AFCFB111C439C4100C5ECE6 /* UIImageView+WebCache.m */,
				2AFCFB121C439C4100C5ECE6 /* UIView+WebCacheOperation.h */,
				2AFCFB131C439C4100C5ECE6 /* UIView+WebCacheOperation.m */,
				2AFCFB141C439C4100C5ECE6 /* 打死装萌的.gif */,
			);
			path = SDWebImage;
			sourceTree = "<group>";
		};
		2AFCFAF21C439C4100C5ECE6 /* AFNetworking副本 */ = {
			isa = PBXGroup;
			children = (
			);
			path = "AFNetworking副本";
			sourceTree = "<group>";
		};
		2AFCFB3A1C43A15400C5ECE6 /* AFNetworking */ = {
			isa = PBXGroup;
			children = (
				2AFCFB3B1C43A15400C5ECE6 /* AFHTTPRequestOperation.h */,
				2AFCFB3C1C43A15400C5ECE6 /* AFHTTPRequestOperation.m */,
				2AFCFB3D1C43A15400C5ECE6 /* AFHTTPRequestOperationManager.h */,
				2AFCFB3E1C43A15400C5ECE6 /* AFHTTPRequestOperationManager.m */,
				2AFCFB3F1C43A15400C5ECE6 /* AFHTTPSessionManager.h */,
				2AFCFB401C43A15400C5ECE6 /* AFHTTPSessionManager.m */,
				2AFCFB411C43A15400C5ECE6 /* AFNetworking.h */,
				2AFCFB421C43A15400C5ECE6 /* AFNetworkReachabilityManager.h */,
				2AFCFB431C43A15400C5ECE6 /* AFNetworkReachabilityManager.m */,
				2AFCFB441C43A15400C5ECE6 /* AFSecurityPolicy.h */,
				2AFCFB451C43A15400C5ECE6 /* AFSecurityPolicy.m */,
				2AFCFB461C43A15400C5ECE6 /* AFURLConnectionOperation.h */,
				2AFCFB471C43A15400C5ECE6 /* AFURLConnectionOperation.m */,
				2AFCFB481C43A15400C5ECE6 /* AFURLRequestSerialization.h */,
				2AFCFB491C43A15400C5ECE6 /* AFURLRequestSerialization.m */,
				2AFCFB4A1C43A15400C5ECE6 /* AFURLResponseSerialization.h */,
				2AFCFB4B1C43A15400C5ECE6 /* AFURLResponseSerialization.m */,
				2AFCFB4C1C43A15400C5ECE6 /* AFURLSessionManager.h */,
				2AFCFB4D1C43A15400C5ECE6 /* AFURLSessionManager.m */,
			);
			path = AFNetworking;
			sourceTree = "<group>";
		};
		2AFCFB5C1C43A85300C5ECE6 /* images */ = {
			isa = PBXGroup;
			children = (
				2A4E73EC1C3BBF8C000B0195 /* 首页图标 */,
				2A4B9F6A1C3E68EB007CD91E /* 天气图标 */,
				2AFCFB5D1C43A86000C5ECE6 /* 便民生活图标-ios */,
			);
			name = images;
			sourceTree = "<group>";
		};
		2AFCFB5D1C43A86000C5ECE6 /* 便民生活图标-ios */ = {
			isa = PBXGroup;
			children = (
				2AFCFB5E1C43A86000C5ECE6 /* 休闲@3x.png */,
				2AFCFB5F1C43A86000C5ECE6 /* 住宿@3x.png */,
				2AFCFB601C43A86000C5ECE6 /* 办事@3x.png */,
				2AFCFB611C43A86000C5ECE6 /* 医疗@3x.png */,
				2AFCFB621C43A86000C5ECE6 /* 天气@3x.png */,
				2AFCFB631C43A86000C5ECE6 /* 小说@3x.png */,
				2AFCFB641C43A86000C5ECE6 /* 机构@3x.png */,
				2AFCFB651C43A86000C5ECE6 /* 水费@3x.png */,
				2AFCFB661C43A86000C5ECE6 /* 游戏@3x.png */,
				2AFCFB671C43A86000C5ECE6 /* 火车@3x.png */,
				2AFCFB681C43A86000C5ECE6 /* 电费@3x.png */,
				2AFCFB691C43A86000C5ECE6 /* 美食@3x.png */,
			);
			path = "便民生活图标-ios";
			sourceTree = "<group>";
		};
/* End PBXGroup section */

/* Begin PBXNativeTarget section */
		2A025F531C337CBA00297022 /* wisdomTown */ = {
			isa = PBXNativeTarget;
			buildConfigurationList = 2A025F811C337CBA00297022 /* Build configuration list for PBXNativeTarget "wisdomTown" */;
			buildPhases = (
				2A025F501C337CBA00297022 /* Sources */,
				2A025F511C337CBA00297022 /* Frameworks */,
				2A025F521C337CBA00297022 /* Resources */,
			);
			buildRules = (
			);
			dependencies = (
			);
			name = wisdomTown;
			productName = wisdomTown;
			productReference = 2A025F541C337CBA00297022 /* wisdomTown.app */;
			productType = "com.apple.product-type.application";
		};
		2A025F6C1C337CBA00297022 /* wisdomTownTests */ = {
			isa = PBXNativeTarget;
			buildConfigurationList = 2A025F841C337CBA00297022 /* Build configuration list for PBXNativeTarget "wisdomTownTests" */;
			buildPhases = (
				2A025F691C337CBA00297022 /* Sources */,
				2A025F6A1C337CBA00297022 /* Frameworks */,
				2A025F6B1C337CBA00297022 /* Resources */,
			);
			buildRules = (
			);
			dependencies = (
				2A025F6F1C337CBA00297022 /* PBXTargetDependency */,
			);
			name = wisdomTownTests;
			productName = wisdomTownTests;
			productReference = 2A025F6D1C337CBA00297022 /* wisdomTownTests.xctest */;
			productType = "com.apple.product-type.bundle.unit-test";
		};
		2A025F771C337CBA00297022 /* wisdomTownUITests */ = {
			isa = PBXNativeTarget;
			buildConfigurationList = 2A025F871C337CBA00297022 /* Build configuration list for PBXNativeTarget "wisdomTownUITests" */;
			buildPhases = (
				2A025F741C337CBA00297022 /* Sources */,
				2A025F751C337CBA00297022 /* Frameworks */,
				2A025F761C337CBA00297022 /* Resources */,
			);
			buildRules = (
			);
			dependencies = (
				2A025F7A1C337CBA00297022 /* PBXTargetDependency */,
			);
			name = wisdomTownUITests;
			productName = wisdomTownUITests;
			productReference = 2A025F781C337CBA00297022 /* wisdomTownUITests.xctest */;
			productType = "com.apple.product-type.bundle.ui-testing";
		};
/* End PBXNativeTarget section */

/* Begin PBXProject section */
		2A025F4C1C337CBA00297022 /* Project object */ = {
			isa = PBXProject;
			attributes = {
				LastUpgradeCheck = 0720;
				ORGANIZATIONNAME = ygzy;
				TargetAttributes = {
					2A025F531C337CBA00297022 = {
						CreatedOnToolsVersion = 7.2;
					};
					2A025F6C1C337CBA00297022 = {
						CreatedOnToolsVersion = 7.2;
						TestTargetID = 2A025F531C337CBA00297022;
					};
					2A025F771C337CBA00297022 = {
						CreatedOnToolsVersion = 7.2;
						TestTargetID = 2A025F531C337CBA00297022;
					};
				};
			};
			buildConfigurationList = 2A025F4F1C337CBA00297022 /* Build configuration list for PBXProject "wisdomTown" */;
			compatibilityVersion = "Xcode 3.2";
			developmentRegion = English;
			hasScannedForEncodings = 0;
			knownRegions = (
				en,
				Base,
			);
			mainGroup = 2A025F4B1C337CBA00297022;
			productRefGroup = 2A025F551C337CBA00297022 /* Products */;
			projectDirPath = "";
			projectRoot = "";
			targets = (
				2A025F531C337CBA00297022 /* wisdomTown */,
				2A025F6C1C337CBA00297022 /* wisdomTownTests */,
				2A025F771C337CBA00297022 /* wisdomTownUITests */,
			);
		};
/* End PBXProject section */

/* Begin PBXResourcesBuildPhase section */
		2A025F521C337CBA00297022 /* Resources */ = {
			isa = PBXResourcesBuildPhase;
			buildActionMask = 2147483647;
			files = (
				2AF7D15B1C3F8D9C00E74F4E /* 003.png in Resources */,
				2AF7D1611C3F8D9C00E74F4E /* 009.png in Resources */,
				2AF7D15D1C3F8D9C00E74F4E /* 005.png in Resources */,
				2AF7D1671C3F8D9C00E74F4E /* 015.png in Resources */,
				2AF7D16C1C3F8D9C00E74F4E /* 020.png in Resources */,
				2AFCFB701C43A86000C5ECE6 /* 机构@3x.png in Resources */,
				2AF7D15A1C3F8D9C00E74F4E /* 002.png in Resources */,
				2AFCFB6A1C43A86000C5ECE6 /* 休闲@3x.png in Resources */,
				2AFCFB721C43A86000C5ECE6 /* 游戏@3x.png in Resources */,
				2A4E73FB1C3BBF8C000B0195 /* 概述图标@3x.png in Resources */,
				2A4E73FD1C3BBF8C000B0195 /* 聚焦三农图标@3x.png in Resources */,
				2A4E73FC1C3BBF8C000B0195 /* 民心民意图标@3x.png in Resources */,
				2A025F8E1C337DF500297022 /* YGRootViewController.xib in Resources */,
				2A4E73FA1C3BBF8C000B0195 /* 时事资讯图标@3x.png in Resources */,
				2A025F671C337CBA00297022 /* LaunchScreen.storyboard in Resources */,
				2A4E74001C3BC65D000B0195 /* 01.jpg in Resources */,
				2A60A6A71C3F4A4200E8DD15 /* 3@3x.png in Resources */,
				2AF7D15F1C3F8D9C00E74F4E /* 007.png in Resources */,
				2AFCFB751C43A86000C5ECE6 /* 美食@3x.png in Resources */,
				2AFCFB711C43A86000C5ECE6 /* 水费@3x.png in Resources */,
				2AF7D1641C3F8D9C00E74F4E /* 012.png in Resources */,
				2AF7D1701C3F8D9C00E74F4E /* 024.png in Resources */,
				2AF7D15C1C3F8D9C00E74F4E /* 004.png in Resources */,
				2A4B9F701C3E68EB007CD91E /* 背景3.png in Resources */,
				2AF7D1601C3F8D9C00E74F4E /* 008.png in Resources */,
				2AFCFB5B1C43A49300C5ECE6 /* YGWeaViewController.xib in Resources */,
				2AF7D1681C3F8D9C00E74F4E /* 016.png in Resources */,
				2A4B9F6F1C3E68EB007CD91E /* 1.jpg in Resources */,
				2AF7D16D1C3F8D9C00E74F4E /* 021.png in Resources */,
				2AF7D16F1C3F8D9C00E74F4E /* 023.png in Resources */,
				2A025F641C337CBA00297022 /* Assets.xcassets in Resources */,
				2A4B9F4E1C3E5D98007CD91E /* 矩形 1.png in Resources */,
				2A4E73F71C3BBF8C000B0195 /* 便民生活图标@3x.png in Resources */,
				2AF7D16E1C3F8D9C00E74F4E /* 022.png in Resources */,
				2AFCFB6E1C43A86000C5ECE6 /* 天气@3x.png in Resources */,
				2AF7D1631C3F8D9C00E74F4E /* 011.png in Resources */,
				2AF7D1661C3F8D9C00E74F4E /* 014.png in Resources */,
				2AFCFB251C439C4100C5ECE6 /* 打死装萌的.gif in Resources */,
				2AFCFB6F1C43A86000C5ECE6 /* 小说@3x.png in Resources */,
				2AFCFB731C43A86000C5ECE6 /* 火车@3x.png in Resources */,
				2A2EF5711C35244E00EB66AE /* YGSpecialViewController.xib in Resources */,
				2AF7D16B1C3F8D9C00E74F4E /* 019.png in Resources */,
				2A60A6FA1C3F4E5E00E8DD15 /* 后退@3x.png in Resources */,
				2A4E73F91C3BBF8C000B0195 /* 招商引资图标@3x.png in Resources */,
				2AFCFB6D1C43A86000C5ECE6 /* 医疗@3x.png in Resources */,
				2A4B9F6E1C3E68EB007CD91E /* 010@3x.png in Resources */,
				2AF7D16A1C3F8D9C00E74F4E /* 018.png in Resources */,
				2A4E73F61C3BBF8C000B0195 /* 个人图标@3x.png in Resources */,
				2AF7D1621C3F8D9C00E74F4E /* 010.png in Resources */,
				2AF7D15E1C3F8D9C00E74F4E /* 006.png in Resources */,
				2AFCFB6B1C43A86000C5ECE6 /* 住宿@3x.png in Resources */,
				2A4E73FE1C3BBF8C000B0195 /* 阳光政务图标@3x.png in Resources */,
				2A4E73F81C3BBF8C000B0195 /* 天气多云-图标@3x.png in Resources */,
				2AF7D1651C3F8D9C00E74F4E /* 013.png in Resources */,
				2AFCFB741C43A86000C5ECE6 /* 电费@3x.png in Resources */,
				2A025F621C337CBA00297022 /* Main.storyboard in Resources */,
				2A4E74021C3BC661000B0195 /* 00.jpg in Resources */,
				2AFCFB6C1C43A86000C5ECE6 /* 办事@3x.png in Resources */,
				2AF7D1591C3F8D9C00E74F4E /* 001.png in Resources */,
				2A4E74041C3BC665000B0195 /* 02.jpg in Resources */,
				2AF7D1691C3F8D9C00E74F4E /* 017.png in Resources */,
			);
			runOnlyForDeploymentPostprocessing = 0;
		};
		2A025F6B1C337CBA00297022 /* Resources */ = {
			isa = PBXResourcesBuildPhase;
			buildActionMask = 2147483647;
			files = (
			);
			runOnlyForDeploymentPostprocessing = 0;
		};
		2A025F761C337CBA00297022 /* Resources */ = {
			isa = PBXResourcesBuildPhase;
			buildActionMask = 2147483647;
			files = (
			);
			runOnlyForDeploymentPostprocessing = 0;
		};
/* End PBXResourcesBuildPhase section */

/* Begin PBXSourcesBuildPhase section */
		2A025F501C337CBA00297022 /* Sources */ = {
			isa = PBXSourcesBuildPhase;
			buildActionMask = 2147483647;
			files = (
				2AFCFB221C439C4100C5ECE6 /* UIImageView+HighlightedWebCache.m in Sources */,
				2A6BABA71C40A19600C4FA7C /* YGBaseTableViewController.m in Sources */,
				2AFCFB4E1C43A15400C5ECE6 /* AFHTTPRequestOperation.m in Sources */,
				2A025F5C1C337CBA00297022 /* AppDelegate.m in Sources */,
				2AF7D1731C3F910C00E74F4E /* weakView.m in Sources */,
				2A2EF56A1C350F7D00EB66AE /* briefViewController.m in Sources */,
				2A6BABAF1C40B12B00C4FA7C /* YGGovernmentViewController.m in Sources */,
				2AFCFB541C43A15400C5ECE6 /* AFURLRequestSerialization.m in Sources */,
				2AFCFB501C43A15400C5ECE6 /* AFHTTPSessionManager.m in Sources */,
				2A6BABBB1C40F84A00C4FA7C /* YGNewsViewController.m in Sources */,
				2A07CCE61C3CE8F300C2F2FE /* YGButton.m in Sources */,
				2AFCFB531C43A15400C5ECE6 /* AFURLConnectionOperation.m in Sources */,
				2AFCFB1C1C439C4100C5ECE6 /* SDWebImageManager.m in Sources */,
				2AFCFB231C439C4100C5ECE6 /* UIImageView+WebCache.m in Sources */,
				2A0260611C33ABEA00297022 /* YGEasyScrollView.m in Sources */,
				2AFCFB151C439C4100C5ECE6 /* MKAnnotationView+WebCache.m in Sources */,
				2AFCFB161C439C4100C5ECE6 /* NSData+ImageContentType.m in Sources */,
				2A025F8D1C337DF500297022 /* YGRootViewController.m in Sources */,
				2A6BABB31C40DF2200C4FA7C /* YGGameViewController.m in Sources */,
				2AFCFB551C43A15400C5ECE6 /* AFURLResponseSerialization.m in Sources */,
				2AFCFB5A1C43A49300C5ECE6 /* YGWeaViewController.m in Sources */,
				2A4B9F461C3E0B67007CD91E /* YGEasyLifeViewController.m in Sources */,
				2AFCFB1B1C439C4100C5ECE6 /* SDWebImageDownloaderOperation.m in Sources */,
				2AFCFAB71C435C0B00C5ECE6 /* MBProgressHUD.m in Sources */,
				2A2EF5701C35244E00EB66AE /* YGSpecialViewController.m in Sources */,
				2AFCFB4F1C43A15400C5ECE6 /* AFHTTPRequestOperationManager.m in Sources */,
				2AFCFB211C439C4100C5ECE6 /* UIImage+WebP.m in Sources */,
				2AFCFB1A1C439C4100C5ECE6 /* SDWebImageDownloader.m in Sources */,
				2A6BABB71C40E5D300C4FA7C /* YGNovelViewController.m in Sources */,
				2AFCFB201C439C4100C5ECE6 /* UIImage+MultiFormat.m in Sources */,
				2AFCFB191C439C4100C5ECE6 /* SDWebImageDecoder.m in Sources */,
				2A6BABAB1C40A98100C4FA7C /* YGFarmerViewController.m in Sources */,
				2AFCFB521C43A15400C5ECE6 /* AFSecurityPolicy.m in Sources */,
				2A4B9F541C3E676E007CD91E /* weather.m in Sources */,
				2A025F591C337CBA00297022 /* main.m in Sources */,
				2AFCFB1E1C439C4100C5ECE6 /* UIButton+WebCache.m in Sources */,
				2AFCFABB1C43814100C5ECE6 /* YGTrainViewController.m in Sources */,
				2AFCFB1D1C439C4100C5ECE6 /* SDWebImagePrefetcher.m in Sources */,
				2AFCFB511C43A15400C5ECE6 /* AFNetworkReachabilityManager.m in Sources */,
				2AFCFB241C439C4100C5ECE6 /* UIView+WebCacheOperation.m in Sources */,
				2A4B9F4C1C3E0C2E007CD91E /* YGLifeIcon.m in Sources */,
				2A025FA71C33879900297022 /* YGApperance.m in Sources */,
				2AFCFB1F1C439C4100C5ECE6 /* UIImage+GIF.m in Sources */,
				2AFCFABE1C439A7B00C5ECE6 /* YGweatherViewController.m in Sources */,
				2AFCFB181C439C4100C5ECE6 /* SDWebImageCompat.m in Sources */,
				2AFCFB171C439C4100C5ECE6 /* SDImageCache.m in Sources */,
				2AFCFB561C43A15400C5ECE6 /* AFURLSessionManager.m in Sources */,
			);
			runOnlyForDeploymentPostprocessing = 0;
		};
		2A025F691C337CBA00297022 /* Sources */ = {
			isa = PBXSourcesBuildPhase;
			buildActionMask = 2147483647;
			files = (
				2A025F721C337CBA00297022 /* wisdomTownTests.m in Sources */,
			);
			runOnlyForDeploymentPostprocessing = 0;
		};
		2A025F741C337CBA00297022 /* Sources */ = {
			isa = PBXSourcesBuildPhase;
			buildActionMask = 2147483647;
			files = (
				2A025F7D1C337CBA00297022 /* wisdomTownUITests.m in Sources */,
			);
			runOnlyForDeploymentPostprocessing = 0;
		};
/* End PBXSourcesBuildPhase section */

/* Begin PBXTargetDependency section */
		2A025F6F1C337CBA00297022 /* PBXTargetDependency */ = {
			isa = PBXTargetDependency;
			target = 2A025F531C337CBA00297022 /* wisdomTown */;
			targetProxy = 2A025F6E1C337CBA00297022 /* PBXContainerItemProxy */;
		};
		2A025F7A1C337CBA00297022 /* PBXTargetDependency */ = {
			isa = PBXTargetDependency;
			target = 2A025F531C337CBA00297022 /* wisdomTown */;
			targetProxy = 2A025F791C337CBA00297022 /* PBXContainerItemProxy */;
		};
/* End PBXTargetDependency section */

/* Begin PBXVariantGroup section */
		2A025F601C337CBA00297022 /* Main.storyboard */ = {
			isa = PBXVariantGroup;
			children = (
				2A025F611C337CBA00297022 /* Base */,
			);
			name = Main.storyboard;
			sourceTree = "<group>";
		};
		2A025F651C337CBA00297022 /* LaunchScreen.storyboard */ = {
			isa = PBXVariantGroup;
			children = (
				2A025F661C337CBA00297022 /* Base */,
			);
			name = LaunchScreen.storyboard;
			sourceTree = "<group>";
		};
/* End PBXVariantGroup section */

/* Begin XCBuildConfiguration section */
		2A025F7F1C337CBA00297022 /* Debug */ = {
			isa = XCBuildConfiguration;
			buildSettings = {
				ALWAYS_SEARCH_USER_PATHS = NO;
				CLANG_CXX_LANGUAGE_STANDARD = "gnu++0x";
				CLANG_CXX_LIBRARY = "libc++";
				CLANG_ENABLE_MODULES = YES;
				CLANG_ENABLE_OBJC_ARC = YES;
				CLANG_WARN_BOOL_CONVERSION = YES;
				CLANG_WARN_CONSTANT_CONVERSION = YES;
				CLANG_WARN_DIRECT_OBJC_ISA_USAGE = YES_ERROR;
				CLANG_WARN_EMPTY_BODY = YES;
				CLANG_WARN_ENUM_CONVERSION = YES;
				CLANG_WARN_INT_CONVERSION = YES;
				CLANG_WARN_OBJC_ROOT_CLASS = YES_ERROR;
				CLANG_WARN_UNREACHABLE_CODE = YES;
				CLANG_WARN__DUPLICATE_METHOD_MATCH = YES;
				"CODE_SIGN_IDENTITY[sdk=iphoneos*]" = "iPhone Developer";
				COPY_PHASE_STRIP = NO;
				DEBUG_INFORMATION_FORMAT = dwarf;
				ENABLE_STRICT_OBJC_MSGSEND = YES;
				ENABLE_TESTABILITY = YES;
				GCC_C_LANGUAGE_STANDARD = gnu99;
				GCC_DYNAMIC_NO_PIC = NO;
				GCC_NO_COMMON_BLOCKS = YES;
				GCC_OPTIMIZATION_LEVEL = 0;
				GCC_PREPROCESSOR_DEFINITIONS = (
					"DEBUG=1",
					"$(inherited)",
				);
				GCC_WARN_64_TO_32_BIT_CONVERSION = YES;
				GCC_WARN_ABOUT_RETURN_TYPE = YES_ERROR;
				GCC_WARN_UNDECLARED_SELECTOR = YES;
				GCC_WARN_UNINITIALIZED_AUTOS = YES_AGGRESSIVE;
				GCC_WARN_UNUSED_FUNCTION = YES;
				GCC_WARN_UNUSED_VARIABLE = YES;
				IPHONEOS_DEPLOYMENT_TARGET = 9.2;
				MTL_ENABLE_DEBUG_INFO = YES;
				ONLY_ACTIVE_ARCH = YES;
				SDKROOT = iphoneos;
				TARGETED_DEVICE_FAMILY = "1,2";
			};
			name = Debug;
		};
		2A025F801C337CBA00297022 /* Release */ = {
			isa = XCBuildConfiguration;
			buildSettings = {
				ALWAYS_SEARCH_USER_PATHS = NO;
				CLANG_CXX_LANGUAGE_STANDARD = "gnu++0x";
				CLANG_CXX_LIBRARY = "libc++";
				CLANG_ENABLE_MODULES = YES;
				CLANG_ENABLE_OBJC_ARC = YES;
				CLANG_WARN_BOOL_CONVERSION = YES;
				CLANG_WARN_CONSTANT_CONVERSION = YES;
				CLANG_WARN_DIRECT_OBJC_ISA_USAGE = YES_ERROR;
				CLANG_WARN_EMPTY_BODY = YES;
				CLANG_WARN_ENUM_CONVERSION = YES;
				CLANG_WARN_INT_CONVERSION = YES;
				CLANG_WARN_OBJC_ROOT_CLASS = YES_ERROR;
				CLANG_WARN_UNREACHABLE_CODE = YES;
				CLANG_WARN__DUPLICATE_METHOD_MATCH = YES;
				"CODE_SIGN_IDENTITY[sdk=iphoneos*]" = "iPhone Developer";
				COPY_PHASE_STRIP = NO;
				DEBUG_INFORMATION_FORMAT = "dwarf-with-dsym";
				ENABLE_NS_ASSERTIONS = NO;
				ENABLE_STRICT_OBJC_MSGSEND = YES;
				GCC_C_LANGUAGE_STANDARD = gnu99;
				GCC_NO_COMMON_BLOCKS = YES;
				GCC_WARN_64_TO_32_BIT_CONVERSION = YES;
				GCC_WARN_ABOUT_RETURN_TYPE = YES_ERROR;
				GCC_WARN_UNDECLARED_SELECTOR = YES;
				GCC_WARN_UNINITIALIZED_AUTOS = YES_AGGRESSIVE;
				GCC_WARN_UNUSED_FUNCTION = YES;
				GCC_WARN_UNUSED_VARIABLE = YES;
				IPHONEOS_DEPLOYMENT_TARGET = 9.2;
				MTL_ENABLE_DEBUG_INFO = NO;
				SDKROOT = iphoneos;
				TARGETED_DEVICE_FAMILY = "1,2";
				VALIDATE_PRODUCT = YES;
			};
			name = Release;
		};
		2A025F821C337CBA00297022 /* Debug */ = {
			isa = XCBuildConfiguration;
			buildSettings = {
				ASSETCATALOG_COMPILER_APPICON_NAME = AppIcon;
				CODE_SIGN_IDENTITY = "iPhone Developer: Xiangchao Zhang (5BJ5PS2696)";
				GCC_PREFIX_HEADER = "$(SRCROOT)/wisdomTown/PrefixHeader.pch";
				INFOPLIST_FILE = wisdomTown/Info.plist;
				LD_RUNPATH_SEARCH_PATHS = "$(inherited) @executable_path/Frameworks";
				PRODUCT_BUNDLE_IDENTIFIER = com.ygzy.wisdomTown;
				PRODUCT_NAME = "$(TARGET_NAME)";
				PROVISIONING_PROFILE = "f25447b5-4b85-4027-93c1-7cfb38393233";
			};
			name = Debug;
		};
		2A025F831C337CBA00297022 /* Release */ = {
			isa = XCBuildConfiguration;
			buildSettings = {
				ASSETCATALOG_COMPILER_APPICON_NAME = AppIcon;
				CODE_SIGN_IDENTITY = "iPhone Developer: Xiangchao Zhang (5BJ5PS2696)";
				"CODE_SIGN_IDENTITY[sdk=iphoneos*]" = "";
				GCC_PREFIX_HEADER = "$(SRCROOT)/wisdomTown/PrefixHeader.pch";
				INFOPLIST_FILE = wisdomTown/Info.plist;
				LD_RUNPATH_SEARCH_PATHS = "$(inherited) @executable_path/Frameworks";
				PRODUCT_BUNDLE_IDENTIFIER = com.ygzy.wisdomTown;
				PRODUCT_NAME = "$(TARGET_NAME)";
				PROVISIONING_PROFILE = "f25447b5-4b85-4027-93c1-7cfb38393233";
			};
			name = Release;
		};
		2A025F851C337CBA00297022 /* Debug */ = {
			isa = XCBuildConfiguration;
			buildSettings = {
				BUNDLE_LOADER = "$(TEST_HOST)";
				INFOPLIST_FILE = wisdomTownTests/Info.plist;
				LD_RUNPATH_SEARCH_PATHS = "$(inherited) @executable_path/Frameworks @loader_path/Frameworks";
				PRODUCT_BUNDLE_IDENTIFIER = com.ygzy.wisdomTownTests;
				PRODUCT_NAME = "$(TARGET_NAME)";
				TEST_HOST = "$(BUILT_PRODUCTS_DIR)/wisdomTown.app/wisdomTown";
			};
			name = Debug;
		};
		2A025F861C337CBA00297022 /* Release */ = {
			isa = XCBuildConfiguration;
			buildSettings = {
				BUNDLE_LOADER = "$(TEST_HOST)";
				INFOPLIST_FILE = wisdomTownTests/Info.plist;
				LD_RUNPATH_SEARCH_PATHS = "$(inherited) @executable_path/Frameworks @loader_path/Frameworks";
				PRODUCT_BUNDLE_IDENTIFIER = com.ygzy.wisdomTownTests;
				PRODUCT_NAME = "$(TARGET_NAME)";
				TEST_HOST = "$(BUILT_PRODUCTS_DIR)/wisdomTown.app/wisdomTown";
			};
			name = Release;
		};
		2A025F881C337CBA00297022 /* Debug */ = {
			isa = XCBuildConfiguration;
			buildSettings = {
				INFOPLIST_FILE = wisdomTownUITests/Info.plist;
				LD_RUNPATH_SEARCH_PATHS = "$(inherited) @executable_path/Frameworks @loader_path/Frameworks";
				PRODUCT_BUNDLE_IDENTIFIER = com.ygzy.wisdomTownUITests;
				PRODUCT_NAME = "$(TARGET_NAME)";
				TEST_TARGET_NAME = wisdomTown;
				USES_XCTRUNNER = YES;
			};
			name = Debug;
		};
		2A025F891C337CBA00297022 /* Release */ = {
			isa = XCBuildConfiguration;
			buildSettings = {
				INFOPLIST_FILE = wisdomTownUITests/Info.plist;
				LD_RUNPATH_SEARCH_PATHS = "$(inherited) @executable_path/Frameworks @loader_path/Frameworks";
				PRODUCT_BUNDLE_IDENTIFIER = com.ygzy.wisdomTownUITests;
				PRODUCT_NAME = "$(TARGET_NAME)";
				TEST_TARGET_NAME = wisdomTown;
				USES_XCTRUNNER = YES;
			};
			name = Release;
		};
/* End XCBuildConfiguration section */

/* Begin XCConfigurationList section */
		2A025F4F1C337CBA00297022 /* Build configuration list for PBXProject "wisdomTown" */ = {
			isa = XCConfigurationList;
			buildConfigurations = (
				2A025F7F1C337CBA00297022 /* Debug */,
				2A025F801C337CBA00297022 /* Release */,
			);
			defaultConfigurationIsVisible = 0;
			defaultConfigurationName = Release;
		};
		2A025F811C337CBA00297022 /* Build configuration list for PBXNativeTarget "wisdomTown" */ = {
			isa = XCConfigurationList;
			buildConfigurations = (
				2A025F821C337CBA00297022 /* Debug */,
				2A025F831C337CBA00297022 /* Release */,
			);
			defaultConfigurationIsVisible = 0;
			defaultConfigurationName = Release;
		};
		2A025F841C337CBA00297022 /* Build configuration list for PBXNativeTarget "wisdomTownTests" */ = {
			isa = XCConfigurationList;
			buildConfigurations = (
				2A025F851C337CBA00297022 /* Debug */,
				2A025F861C337CBA00297022 /* Release */,
			);
			defaultConfigurationIsVisible = 0;
			defaultConfigurationName = Release;
		};
		2A025F871C337CBA00297022 /* Build configuration list for PBXNativeTarget "wisdomTownUITests" */ = {
			isa = XCConfigurationList;
			buildConfigurations = (
				2A025F881C337CBA00297022 /* Debug */,
				2A025F891C337CBA00297022 /* Release */,
			);
			defaultConfigurationIsVisible = 0;
			defaultConfigurationName = Release;
		};
/* End XCConfigurationList section */
	};
	rootObject = 2A025F4C1C337CBA00297022 /* Project object */;
}
